PODS:
  - Alamofire (1.1.4)
  - Nimble (0.3.0)
  - pop (1.0.7)
  - Quick (0.2.2)

DEPENDENCIES:
  - Alamofire (~> 1.1)
  - Nimble
  - pop
  - Quick

SPEC CHECKSUMS:
  Alamofire: 524225da382071ee3e6d0badd0ee4b4dc36740de
  Nimble: a4d9d978129e83d73e33b7d8bce57443bd556068
  pop: 2f14a1ea61339767af9e66741b418c831b3844df
  Quick: 7b89ff625e72ef931c2a9ef2f25ac3a9d2457763

COCOAPODS: 0.36.0.beta.2
