// !$*UTF8*$!
{
	archiveVersion = 1;
	classes = {
	};
	objectVersion = 46;
	objects = {

/* Begin PBXBuildFile section */
		4E13DBDE1AAA087300F9D09A /* LessonListViewController.swift in Sources */ = {isa = PBXBuildFile; fileRef = 4E13DBDD1AAA087300F9D09A /* LessonListViewController.swift */; };
		4E1AC8E31A9D10BE00E3404F /* PresentLessonTransitionManager.swift in Sources */ = {isa = PBXBuildFile; fileRef = 4E1AC8E21A9D10BE00E3404F /* PresentLessonTransitionManager.swift */; };
		4E1AC8E71A9DBEE300E3404F /* Extensions.swift in Sources */ = {isa = PBXBuildFile; fileRef = 4E1AC8E61A9DBEE300E3404F /* Extensions.swift */; };
		4E1AC8EA1A9DBEFB00E3404F /* Constants.swift in Sources */ = {isa = PBXBuildFile; fileRef = 4E1AC8E91A9DBEFB00E3404F /* Constants.swift */; };
		4E1AC8ED1A9DC2CC00E3404F /* DismissLessonTransitionManager.swift in Sources */ = {isa = PBXBuildFile; fileRef = 4E1AC8EC1A9DC2CC00E3404F /* DismissLessonTransitionManager.swift */; };
		4E3104311A83BD9500938AE4 /* UIColor+SLColors.swift in Sources */ = {isa = PBXBuildFile; fileRef = 4E3104301A83BD9500938AE4 /* UIColor+SLColors.swift */; };
		4E3104331A83BE3000938AE4 /* SLConstants.swift in Sources */ = {isa = PBXBuildFile; fileRef = 4E3104321A83BE3000938AE4 /* SLConstants.swift */; };
		4E4677401AAA159400FBEAAC /* LessonListTableViewCell.swift in Sources */ = {isa = PBXBuildFile; fileRef = 4E46773F1AAA159400FBEAAC /* LessonListTableViewCell.swift */; };
		4E57E1F01A8D8A8B00BC8BBE /* UIColor+AppColors.swift in Sources */ = {isa = PBXBuildFile; fileRef = 4E57E1EF1A8D8A8B00BC8BBE /* UIColor+AppColors.swift */; };
		4E6A27F41A83462300C06761 /* DraggableBlock.swift in Sources */ = {isa = PBXBuildFile; fileRef = 4E6A27F31A83462300C06761 /* DraggableBlock.swift */; };
		4E6CAD9B1A92020E002D5A9C /* Entypo.ttf in Resources */ = {isa = PBXBuildFile; fileRef = 4E6CAD9A1A92020E002D5A9C /* Entypo.ttf */; };
		4E6CAD9E1A924834002D5A9C /* Inconsolata.otf in Resources */ = {isa = PBXBuildFile; fileRef = 4E6CAD9D1A924834002D5A9C /* Inconsolata.otf */; };
		4E76FD771A631A10009722A0 /* SLEndTableViewCell.swift in Sources */ = {isa = PBXBuildFile; fileRef = 4E76FD761A631A10009722A0 /* SLEndTableViewCell.swift */; };
		4E76FD791A63220A009722A0 /* SLPrintTableViewCell.swift in Sources */ = {isa = PBXBuildFile; fileRef = 4E76FD781A63220A009722A0 /* SLPrintTableViewCell.swift */; };
		4E76FD7B1A6353E5009722A0 /* SLRepeatTableViewCell.swift in Sources */ = {isa = PBXBuildFile; fileRef = 4E76FD7A1A6353E5009722A0 /* SLRepeatTableViewCell.swift */; };
		4E76FD7D1A640D9C009722A0 /* SLElseTableViewCell.swift in Sources */ = {isa = PBXBuildFile; fileRef = 4E76FD7C1A640D9C009722A0 /* SLElseTableViewCell.swift */; };
		4E76FD7F1A640DB7009722A0 /* SLIfTableViewCell.swift in Sources */ = {isa = PBXBuildFile; fileRef = 4E76FD7E1A640DB7009722A0 /* SLIfTableViewCell.swift */; };
		4E8D54701A8E03F100C92702 /* ConsoleView.swift in Sources */ = {isa = PBXBuildFile; fileRef = 4E8D546F1A8E03F100C92702 /* ConsoleView.swift */; };
		4E93B70C1A56DD0400407EE6 /* AppDelegate.swift in Sources */ = {isa = PBXBuildFile; fileRef = 4E93B70B1A56DD0400407EE6 /* AppDelegate.swift */; };
		4E93B70E1A56DD0400407EE6 /* Images.xcassets in Resources */ = {isa = PBXBuildFile; fileRef = 4E93B70D1A56DD0400407EE6 /* Images.xcassets */; };
		4E93B72B1A56FA2800407EE6 /* SlangViewController.swift in Sources */ = {isa = PBXBuildFile; fileRef = 4E93B72A1A56FA2800407EE6 /* SlangViewController.swift */; };
		4E93B72D1A56FB3800407EE6 /* BlockType.swift in Sources */ = {isa = PBXBuildFile; fileRef = 4E93B72C1A56FB3800407EE6 /* BlockType.swift */; };
		4E93B7301A56FC5000407EE6 /* SLBlankTableViewCell.swift in Sources */ = {isa = PBXBuildFile; fileRef = 4E93B72F1A56FC5000407EE6 /* SLBlankTableViewCell.swift */; };
		4E9B0FB61A9A51C4005CC3BE /* Montserrat-Bold.ttf in Resources */ = {isa = PBXBuildFile; fileRef = 4E9B0FB41A9A51C4005CC3BE /* Montserrat-Bold.ttf */; };
		4E9B0FB71A9A51C4005CC3BE /* Montserrat-Regular.ttf in Resources */ = {isa = PBXBuildFile; fileRef = 4E9B0FB51A9A51C4005CC3BE /* Montserrat-Regular.ttf */; };
		4ECA42091A57152D002B98ED /* SLTableViewCell.swift in Sources */ = {isa = PBXBuildFile; fileRef = 4ECA42081A57152D002B98ED /* SLTableViewCell.swift */; };
		4ECA420B1A57B503002B98ED /* SLVariableTableViewCell.swift in Sources */ = {isa = PBXBuildFile; fileRef = 4ECA420A1A57B503002B98ED /* SLVariableTableViewCell.swift */; };
		4ECA420F1A57B7F6002B98ED /* FiraSans-Regular.otf in Resources */ = {isa = PBXBuildFile; fileRef = 4ECA420E1A57B7F6002B98ED /* FiraSans-Regular.otf */; };
		4ECA42111A57C2A1002B98ED /* SLExtensions.swift in Sources */ = {isa = PBXBuildFile; fileRef = 4ECA42101A57C2A1002B98ED /* SLExtensions.swift */; };
		4ECA42131A57DE62002B98ED /* FiraSans-Light.otf in Resources */ = {isa = PBXBuildFile; fileRef = 4ECA42121A57DE62002B98ED /* FiraSans-Light.otf */; };
		4EE792401A8B9A58000A070E /* JavascriptCoreFix.m in Sources */ = {isa = PBXBuildFile; fileRef = 4EE7923F1A8B9A58000A070E /* JavascriptCoreFix.m */; };
		4EE960851A85DD3B00E43C0F /* SlangViewModel.swift in Sources */ = {isa = PBXBuildFile; fileRef = 4EE960841A85DD3B00E43C0F /* SlangViewModel.swift */; };
		4EE9608C1A85EBFF00E43C0F /* Block.swift in Sources */ = {isa = PBXBuildFile; fileRef = 4EE9608B1A85EBFF00E43C0F /* Block.swift */; };
		ECE725ADD93F6C93A4DC96DD /* Pods.framework in Frameworks */ = {isa = PBXBuildFile; fileRef = 5D51D2C659C647FDC9BB51D7 /* Pods.framework */; };
/* End PBXBuildFile section */

/* Begin PBXFileReference section */
		4E13DBDD1AAA087300F9D09A /* LessonListViewController.swift */ = {isa = PBXFileReference; fileEncoding = 4; lastKnownFileType = sourcecode.swift; path = LessonListViewController.swift; sourceTree = "<group>"; };
		4E1AC8E21A9D10BE00E3404F /* PresentLessonTransitionManager.swift */ = {isa = PBXFileReference; fileEncoding = 4; lastKnownFileType = sourcecode.swift; path = PresentLessonTransitionManager.swift; sourceTree = "<group>"; };
		4E1AC8E61A9DBEE300E3404F /* Extensions.swift */ = {isa = PBXFileReference; fileEncoding = 4; lastKnownFileType = sourcecode.swift; path = Extensions.swift; sourceTree = "<group>"; };
		4E1AC8E91A9DBEFB00E3404F /* Constants.swift */ = {isa = PBXFileReference; fileEncoding = 4; lastKnownFileType = sourcecode.swift; path = Constants.swift; sourceTree = "<group>"; };
		4E1AC8EC1A9DC2CC00E3404F /* DismissLessonTransitionManager.swift */ = {isa = PBXFileReference; fileEncoding = 4; lastKnownFileType = sourcecode.swift; path = DismissLessonTransitionManager.swift; sourceTree = "<group>"; };
		4E3104301A83BD9500938AE4 /* UIColor+SLColors.swift */ = {isa = PBXFileReference; fileEncoding = 4; lastKnownFileType = sourcecode.swift; path = "UIColor+SLColors.swift"; sourceTree = "<group>"; };
		4E3104321A83BE3000938AE4 /* SLConstants.swift */ = {isa = PBXFileReference; fileEncoding = 4; lastKnownFileType = sourcecode.swift; path = SLConstants.swift; sourceTree = "<group>"; };
		4E46773F1AAA159400FBEAAC /* LessonListTableViewCell.swift */ = {isa = PBXFileReference; fileEncoding = 4; lastKnownFileType = sourcecode.swift; path = LessonListTableViewCell.swift; sourceTree = "<group>"; };
		4E57E1EF1A8D8A8B00BC8BBE /* UIColor+AppColors.swift */ = {isa = PBXFileReference; fileEncoding = 4; lastKnownFileType = sourcecode.swift; path = "UIColor+AppColors.swift"; sourceTree = "<group>"; };
		4E6A27F31A83462300C06761 /* DraggableBlock.swift */ = {isa = PBXFileReference; fileEncoding = 4; lastKnownFileType = sourcecode.swift; name = DraggableBlock.swift; path = Language/DraggableBlock.swift; sourceTree = "<group>"; };
		4E6CAD9A1A92020E002D5A9C /* Entypo.ttf */ = {isa = PBXFileReference; lastKnownFileType = file; name = Entypo.ttf; path = Resources/Entypo.ttf; sourceTree = "<group>"; };
		4E6CAD9D1A924834002D5A9C /* Inconsolata.otf */ = {isa = PBXFileReference; lastKnownFileType = file; path = Inconsolata.otf; sourceTree = "<group>"; };
		4E76FD761A631A10009722A0 /* SLEndTableViewCell.swift */ = {isa = PBXFileReference; fileEncoding = 4; lastKnownFileType = sourcecode.swift; name = SLEndTableViewCell.swift; path = Language/SLEndTableViewCell.swift; sourceTree = "<group>"; };
		4E76FD781A63220A009722A0 /* SLPrintTableViewCell.swift */ = {isa = PBXFileReference; fileEncoding = 4; lastKnownFileType = sourcecode.swift; name = SLPrintTableViewCell.swift; path = Language/SLPrintTableViewCell.swift; sourceTree = "<group>"; };
		4E76FD7A1A6353E5009722A0 /* SLRepeatTableViewCell.swift */ = {isa = PBXFileReference; fileEncoding = 4; lastKnownFileType = sourcecode.swift; name = SLRepeatTableViewCell.swift; path = Language/SLRepeatTableViewCell.swift; sourceTree = "<group>"; };
		4E76FD7C1A640D9C009722A0 /* SLElseTableViewCell.swift */ = {isa = PBXFileReference; fileEncoding = 4; lastKnownFileType = sourcecode.swift; name = SLElseTableViewCell.swift; path = Language/SLElseTableViewCell.swift; sourceTree = "<group>"; };
		4E76FD7E1A640DB7009722A0 /* SLIfTableViewCell.swift */ = {isa = PBXFileReference; fileEncoding = 4; lastKnownFileType = sourcecode.swift; name = SLIfTableViewCell.swift; path = Language/SLIfTableViewCell.swift; sourceTree = "<group>"; };
		4E8D546F1A8E03F100C92702 /* ConsoleView.swift */ = {isa = PBXFileReference; fileEncoding = 4; lastKnownFileType = sourcecode.swift; name = ConsoleView.swift; path = Language/ConsoleView.swift; sourceTree = "<group>"; };
		4E93B7061A56DD0400407EE6 /* Slang.app */ = {isa = PBXFileReference; explicitFileType = wrapper.application; includeInIndex = 0; path = Slang.app; sourceTree = BUILT_PRODUCTS_DIR; };
		4E93B70A1A56DD0400407EE6 /* Info.plist */ = {isa = PBXFileReference; lastKnownFileType = text.plist.xml; path = Info.plist; sourceTree = "<group>"; };
		4E93B70B1A56DD0400407EE6 /* AppDelegate.swift */ = {isa = PBXFileReference; lastKnownFileType = sourcecode.swift; path = AppDelegate.swift; sourceTree = "<group>"; };
		4E93B70D1A56DD0400407EE6 /* Images.xcassets */ = {isa = PBXFileReference; lastKnownFileType = folder.assetcatalog; path = Images.xcassets; sourceTree = "<group>"; };
		4E93B72A1A56FA2800407EE6 /* SlangViewController.swift */ = {isa = PBXFileReference; fileEncoding = 4; lastKnownFileType = sourcecode.swift; name = SlangViewController.swift; path = Language/SlangViewController.swift; sourceTree = "<group>"; };
		4E93B72C1A56FB3800407EE6 /* BlockType.swift */ = {isa = PBXFileReference; fileEncoding = 4; lastKnownFileType = sourcecode.swift; name = BlockType.swift; path = Language/BlockType.swift; sourceTree = "<group>"; };
		4E93B72F1A56FC5000407EE6 /* SLBlankTableViewCell.swift */ = {isa = PBXFileReference; fileEncoding = 4; lastKnownFileType = sourcecode.swift; name = SLBlankTableViewCell.swift; path = Language/SLBlankTableViewCell.swift; sourceTree = "<group>"; };
		4E9B0FB41A9A51C4005CC3BE /* Montserrat-Bold.ttf */ = {isa = PBXFileReference; lastKnownFileType = file; path = "Montserrat-Bold.ttf"; sourceTree = "<group>"; };
		4E9B0FB51A9A51C4005CC3BE /* Montserrat-Regular.ttf */ = {isa = PBXFileReference; lastKnownFileType = file; path = "Montserrat-Regular.ttf"; sourceTree = "<group>"; };
		4ECA42081A57152D002B98ED /* SLTableViewCell.swift */ = {isa = PBXFileReference; fileEncoding = 4; lastKnownFileType = sourcecode.swift; name = SLTableViewCell.swift; path = Language/SLTableViewCell.swift; sourceTree = "<group>"; };
		4ECA420A1A57B503002B98ED /* SLVariableTableViewCell.swift */ = {isa = PBXFileReference; fileEncoding = 4; lastKnownFileType = sourcecode.swift; name = SLVariableTableViewCell.swift; path = Language/SLVariableTableViewCell.swift; sourceTree = "<group>"; };
		4ECA420E1A57B7F6002B98ED /* FiraSans-Regular.otf */ = {isa = PBXFileReference; lastKnownFileType = file; name = "FiraSans-Regular.otf"; path = "Resources/FiraSans-Regular.otf"; sourceTree = "<group>"; };
		4ECA42101A57C2A1002B98ED /* SLExtensions.swift */ = {isa = PBXFileReference; fileEncoding = 4; lastKnownFileType = sourcecode.swift; path = SLExtensions.swift; sourceTree = "<group>"; };
		4ECA42121A57DE62002B98ED /* FiraSans-Light.otf */ = {isa = PBXFileReference; lastKnownFileType = file; name = "FiraSans-Light.otf"; path = "Resources/FiraSans-Light.otf"; sourceTree = "<group>"; };
		4ECA42141A5BD962002B98ED /* Slang-Bridging-Header.h */ = {isa = PBXFileReference; lastKnownFileType = sourcecode.c.h; path = "Slang-Bridging-Header.h"; sourceTree = "<group>"; };
		4EE7923F1A8B9A58000A070E /* JavascriptCoreFix.m */ = {isa = PBXFileReference; fileEncoding = 4; lastKnownFileType = sourcecode.c.objc; name = JavascriptCoreFix.m; path = Language/JavascriptCoreFix.m; sourceTree = "<group>"; };
		4EE960841A85DD3B00E43C0F /* SlangViewModel.swift */ = {isa = PBXFileReference; fileEncoding = 4; lastKnownFileType = sourcecode.swift; name = SlangViewModel.swift; path = Language/SlangViewModel.swift; sourceTree = "<group>"; };
		4EE9608B1A85EBFF00E43C0F /* Block.swift */ = {isa = PBXFileReference; fileEncoding = 4; lastKnownFileType = sourcecode.swift; name = Block.swift; path = Language/Block.swift; sourceTree = "<group>"; };
		5D51D2C659C647FDC9BB51D7 /* Pods.framework */ = {isa = PBXFileReference; explicitFileType = wrapper.framework; includeInIndex = 0; path = Pods.framework; sourceTree = BUILT_PRODUCTS_DIR; };
		A5D11A5E3BC5CBA502362DB0 /* Pods.debug.xcconfig */ = {isa = PBXFileReference; includeInIndex = 1; lastKnownFileType = text.xcconfig; name = Pods.debug.xcconfig; path = "Pods/Target Support Files/Pods/Pods.debug.xcconfig"; sourceTree = "<group>"; };
		CEC659C248D2A8A2AC48DBEA /* Pods.release.xcconfig */ = {isa = PBXFileReference; includeInIndex = 1; lastKnownFileType = text.xcconfig; name = Pods.release.xcconfig; path = "Pods/Target Support Files/Pods/Pods.release.xcconfig"; sourceTree = "<group>"; };
/* End PBXFileReference section */

/* Begin PBXFrameworksBuildPhase section */
		4E93B7031A56DD0400407EE6 /* Frameworks */ = {
			isa = PBXFrameworksBuildPhase;
			buildActionMask = 2147483647;
			files = (
				ECE725ADD93F6C93A4DC96DD /* Pods.framework in Frameworks */,
			);
			runOnlyForDeploymentPostprocessing = 0;
		};
/* End PBXFrameworksBuildPhase section */

/* Begin PBXGroup section */
		1404F87047EE0EF8272E28AA /* Pods */ = {
			isa = PBXGroup;
			children = (
				A5D11A5E3BC5CBA502362DB0 /* Pods.debug.xcconfig */,
				CEC659C248D2A8A2AC48DBEA /* Pods.release.xcconfig */,
			);
			name = Pods;
			sourceTree = "<group>";
		};
		258AFAEFDEAEC2A3359EAE2C /* Frameworks */ = {
			isa = PBXGroup;
			children = (
				5D51D2C659C647FDC9BB51D7 /* Pods.framework */,
			);
			name = Frameworks;
			sourceTree = "<group>";
		};
		4E1AC8E01A9D0FA500E3404F /* TransistionManagers */ = {
			isa = PBXGroup;
			children = (
				4E1AC8E21A9D10BE00E3404F /* PresentLessonTransitionManager.swift */,
				4E1AC8EC1A9DC2CC00E3404F /* DismissLessonTransitionManager.swift */,
			);
			name = TransistionManagers;
			sourceTree = "<group>";
		};
		4E1AC8E51A9DBEC400E3404F /* Utility */ = {
			isa = PBXGroup;
			children = (
				4E1AC8E61A9DBEE300E3404F /* Extensions.swift */,
				4E1AC8E91A9DBEFB00E3404F /* Constants.swift */,
			);
			name = Utility;
			sourceTree = "<group>";
		};
		4E31042F1A83BD6D00938AE4 /* Utility */ = {
			isa = PBXGroup;
			children = (
				4E3104321A83BE3000938AE4 /* SLConstants.swift */,
				4ECA42101A57C2A1002B98ED /* SLExtensions.swift */,
				4E3104301A83BD9500938AE4 /* UIColor+SLColors.swift */,
				4EE7923F1A8B9A58000A070E /* JavascriptCoreFix.m */,
			);
			name = Utility;
			sourceTree = "<group>";
		};
		4E6A27F21A8345DA00C06761 /* Views */ = {
			isa = PBXGroup;
			children = (
				4E6A27F31A83462300C06761 /* DraggableBlock.swift */,
				4E8D546F1A8E03F100C92702 /* ConsoleView.swift */,
			);
			name = Views;
			sourceTree = "<group>";
		};
		4E93B6FD1A56DD0400407EE6 = {
			isa = PBXGroup;
			children = (
				4E93B7081A56DD0400407EE6 /* Slang */,
				4E93B7071A56DD0400407EE6 /* Products */,
				1404F87047EE0EF8272E28AA /* Pods */,
				258AFAEFDEAEC2A3359EAE2C /* Frameworks */,
			);
			sourceTree = "<group>";
		};
		4E93B7071A56DD0400407EE6 /* Products */ = {
			isa = PBXGroup;
			children = (
				4E93B7061A56DD0400407EE6 /* Slang.app */,
			);
			name = Products;
			sourceTree = "<group>";
		};
		4E93B7081A56DD0400407EE6 /* Slang */ = {
			isa = PBXGroup;
			children = (
				4E93B70B1A56DD0400407EE6 /* AppDelegate.swift */,
				4EE9608A1A85DDCA00E43C0F /* App */,
				4E93B7281A56F9B600407EE6 /* Language */,
				4ECA420C1A57B7E1002B98ED /* Resources */,
				4E93B7091A56DD0400407EE6 /* Supporting Files */,
				4E93B70D1A56DD0400407EE6 /* Images.xcassets */,
			);
			path = Slang;
			sourceTree = "<group>";
		};
		4E93B7091A56DD0400407EE6 /* Supporting Files */ = {
			isa = PBXGroup;
			children = (
				4E93B70A1A56DD0400407EE6 /* Info.plist */,
				4ECA42141A5BD962002B98ED /* Slang-Bridging-Header.h */,
			);
			name = "Supporting Files";
			sourceTree = "<group>";
		};
		4E93B7281A56F9B600407EE6 /* Language */ = {
			isa = PBXGroup;
			children = (
				4EE9608B1A85EBFF00E43C0F /* Block.swift */,
				4E93B72C1A56FB3800407EE6 /* BlockType.swift */,
				4EE960841A85DD3B00E43C0F /* SlangViewModel.swift */,
				4E93B72A1A56FA2800407EE6 /* SlangViewController.swift */,
				4E31042F1A83BD6D00938AE4 /* Utility */,
				4E6A27F21A8345DA00C06761 /* Views */,
				4E93B72E1A56FC1C00407EE6 /* Cells */,
			);
			name = Language;
			sourceTree = "<group>";
		};
		4E93B72E1A56FC1C00407EE6 /* Cells */ = {
			isa = PBXGroup;
			children = (
				4ECA42081A57152D002B98ED /* SLTableViewCell.swift */,
				4E93B72F1A56FC5000407EE6 /* SLBlankTableViewCell.swift */,
				4ECA420A1A57B503002B98ED /* SLVariableTableViewCell.swift */,
				4E76FD7A1A6353E5009722A0 /* SLRepeatTableViewCell.swift */,
				4E76FD7E1A640DB7009722A0 /* SLIfTableViewCell.swift */,
				4E76FD7C1A640D9C009722A0 /* SLElseTableViewCell.swift */,
				4E76FD761A631A10009722A0 /* SLEndTableViewCell.swift */,
				4E76FD781A63220A009722A0 /* SLPrintTableViewCell.swift */,
			);
			name = Cells;
			sourceTree = "<group>";
		};
		4E9B0F961A98B5B6005CC3BE /* Views */ = {
			isa = PBXGroup;
			children = (
				4E46773F1AAA159400FBEAAC /* LessonListTableViewCell.swift */,
			);
			name = Views;
			sourceTree = "<group>";
		};
		4ECA420C1A57B7E1002B98ED /* Resources */ = {
			isa = PBXGroup;
			children = (
				4ECA420D1A57B7E9002B98ED /* Fonts */,
			);
			name = Resources;
			sourceTree = "<group>";
		};
		4ECA420D1A57B7E9002B98ED /* Fonts */ = {
			isa = PBXGroup;
			children = (
				4E6CAD9D1A924834002D5A9C /* Inconsolata.otf */,
				4E6CAD9A1A92020E002D5A9C /* Entypo.ttf */,
				4ECA420E1A57B7F6002B98ED /* FiraSans-Regular.otf */,
				4ECA42121A57DE62002B98ED /* FiraSans-Light.otf */,
				4E9B0FB41A9A51C4005CC3BE /* Montserrat-Bold.ttf */,
				4E9B0FB51A9A51C4005CC3BE /* Montserrat-Regular.ttf */,
			);
			name = Fonts;
			sourceTree = "<group>";
		};
		4EE9608A1A85DDCA00E43C0F /* App */ = {
			isa = PBXGroup;
			children = (
				4E13DBDD1AAA087300F9D09A /* LessonListViewController.swift */,
				4E57E1EF1A8D8A8B00BC8BBE /* UIColor+AppColors.swift */,
				4E9B0F961A98B5B6005CC3BE /* Views */,
				4E1AC8E01A9D0FA500E3404F /* TransistionManagers */,
				4E1AC8E51A9DBEC400E3404F /* Utility */,
			);
			name = App;
			sourceTree = "<group>";
		};
/* End PBXGroup section */

/* Begin PBXNativeTarget section */
		4E93B7051A56DD0400407EE6 /* Slang */ = {
			isa = PBXNativeTarget;
			buildConfigurationList = 4E93B7201A56DD0400407EE6 /* Build configuration list for PBXNativeTarget "Slang" */;
			buildPhases = (
				27BB9B40DE91F878C2C307DF /* Check Pods Manifest.lock */,
				4E93B7021A56DD0400407EE6 /* Sources */,
				4E93B7031A56DD0400407EE6 /* Frameworks */,
				4E93B7041A56DD0400407EE6 /* Resources */,
				12638191B1535AC2CD2F225D /* Copy Pods Resources */,
				30B8D5804448E9CAEEA8545B /* Embed Pods Frameworks */,
			);
			buildRules = (
			);
			dependencies = (
			);
			name = Slang;
			productName = Slang;
			productReference = 4E93B7061A56DD0400407EE6 /* Slang.app */;
			productType = "com.apple.product-type.application";
		};
/* End PBXNativeTarget section */

/* Begin PBXProject section */
		4E93B6FE1A56DD0400407EE6 /* Project object */ = {
			isa = PBXProject;
			attributes = {
				LastSwiftUpdateCheck = 0710;
				LastUpgradeCheck = 0710;
				ORGANIZATIONNAME = "Tosin Afolabi";
				TargetAttributes = {
					4E93B7051A56DD0400407EE6 = {
						CreatedOnToolsVersion = 6.1.1;
						DevelopmentTeam = 3XXD9JUN7B;
					};
				};
			};
			buildConfigurationList = 4E93B7011A56DD0400407EE6 /* Build configuration list for PBXProject "Slang" */;
			compatibilityVersion = "Xcode 3.2";
			developmentRegion = English;
			hasScannedForEncodings = 0;
			knownRegions = (
				en,
				Base,
			);
			mainGroup = 4E93B6FD1A56DD0400407EE6;
			productRefGroup = 4E93B7071A56DD0400407EE6 /* Products */;
			projectDirPath = "";
			projectRoot = "";
			targets = (
				4E93B7051A56DD0400407EE6 /* Slang */,
			);
		};
/* End PBXProject section */

/* Begin PBXResourcesBuildPhase section */
		4E93B7041A56DD0400407EE6 /* Resources */ = {
			isa = PBXResourcesBuildPhase;
			buildActionMask = 2147483647;
			files = (
				4E93B70E1A56DD0400407EE6 /* Images.xcassets in Resources */,
				4E6CAD9B1A92020E002D5A9C /* Entypo.ttf in Resources */,
				4E9B0FB71A9A51C4005CC3BE /* Montserrat-Regular.ttf in Resources */,
				4E9B0FB61A9A51C4005CC3BE /* Montserrat-Bold.ttf in Resources */,
				4ECA420F1A57B7F6002B98ED /* FiraSans-Regular.otf in Resources */,
				4E6CAD9E1A924834002D5A9C /* Inconsolata.otf in Resources */,
				4ECA42131A57DE62002B98ED /* FiraSans-Light.otf in Resources */,
			);
			runOnlyForDeploymentPostprocessing = 0;
		};
/* End PBXResourcesBuildPhase section */

/* Begin PBXShellScriptBuildPhase section */
		12638191B1535AC2CD2F225D /* Copy Pods Resources */ = {
			isa = PBXShellScriptBuildPhase;
			buildActionMask = 2147483647;
			files = (
			);
			inputPaths = (
			);
			name = "Copy Pods Resources";
			outputPaths = (
			);
			runOnlyForDeploymentPostprocessing = 0;
			shellPath = /bin/sh;
			shellScript = "\"${SRCROOT}/Pods/Target Support Files/Pods/Pods-resources.sh\"\n";
			showEnvVarsInLog = 0;
		};
		27BB9B40DE91F878C2C307DF /* Check Pods Manifest.lock */ = {
			isa = PBXShellScriptBuildPhase;
			buildActionMask = 2147483647;
			files = (
			);
			inputPaths = (
			);
			name = "Check Pods Manifest.lock";
			outputPaths = (
			);
			runOnlyForDeploymentPostprocessing = 0;
			shellPath = /bin/sh;
			shellScript = "diff \"${PODS_ROOT}/../Podfile.lock\" \"${PODS_ROOT}/Manifest.lock\" > /dev/null\nif [[ $? != 0 ]] ; then\n    cat << EOM\nerror: The sandbox is not in sync with the Podfile.lock. Run 'pod install' or update your CocoaPods installation.\nEOM\n    exit 1\nfi\n";
			showEnvVarsInLog = 0;
		};
		30B8D5804448E9CAEEA8545B /* Embed Pods Frameworks */ = {
			isa = PBXShellScriptBuildPhase;
			buildActionMask = 2147483647;
			files = (
			);
			inputPaths = (
			);
			name = "Embed Pods Frameworks";
			outputPaths = (
			);
			runOnlyForDeploymentPostprocessing = 0;
			shellPath = /bin/sh;
			shellScript = "\"${SRCROOT}/Pods/Target Support Files/Pods/Pods-frameworks.sh\"\n";
			showEnvVarsInLog = 0;
		};
/* End PBXShellScriptBuildPhase section */

/* Begin PBXSourcesBuildPhase section */
		4E93B7021A56DD0400407EE6 /* Sources */ = {
			isa = PBXSourcesBuildPhase;
			buildActionMask = 2147483647;
			files = (
				4EE960851A85DD3B00E43C0F /* SlangViewModel.swift in Sources */,
				4E1AC8ED1A9DC2CC00E3404F /* DismissLessonTransitionManager.swift in Sources */,
				4E57E1F01A8D8A8B00BC8BBE /* UIColor+AppColors.swift in Sources */,
				4E93B72B1A56FA2800407EE6 /* SlangViewController.swift in Sources */,
				4E93B70C1A56DD0400407EE6 /* AppDelegate.swift in Sources */,
				4E8D54701A8E03F100C92702 /* ConsoleView.swift in Sources */,
				4E3104311A83BD9500938AE4 /* UIColor+SLColors.swift in Sources */,
				4E93B72D1A56FB3800407EE6 /* BlockType.swift in Sources */,
				4E4677401AAA159400FBEAAC /* LessonListTableViewCell.swift in Sources */,
				4E93B7301A56FC5000407EE6 /* SLBlankTableViewCell.swift in Sources */,
				4E3104331A83BE3000938AE4 /* SLConstants.swift in Sources */,
				4E6A27F41A83462300C06761 /* DraggableBlock.swift in Sources */,
				4EE792401A8B9A58000A070E /* JavascriptCoreFix.m in Sources */,
				4E76FD771A631A10009722A0 /* SLEndTableViewCell.swift in Sources */,
				4ECA420B1A57B503002B98ED /* SLVariableTableViewCell.swift in Sources */,
				4E1AC8E31A9D10BE00E3404F /* PresentLessonTransitionManager.swift in Sources */,
				4ECA42091A57152D002B98ED /* SLTableViewCell.swift in Sources */,
				4E76FD7F1A640DB7009722A0 /* SLIfTableViewCell.swift in Sources */,
				4ECA42111A57C2A1002B98ED /* SLExtensions.swift in Sources */,
				4E1AC8E71A9DBEE300E3404F /* Extensions.swift in Sources */,
				4E76FD791A63220A009722A0 /* SLPrintTableViewCell.swift in Sources */,
				4EE9608C1A85EBFF00E43C0F /* Block.swift in Sources */,
				4E13DBDE1AAA087300F9D09A /* LessonListViewController.swift in Sources */,
				4E76FD7D1A640D9C009722A0 /* SLElseTableViewCell.swift in Sources */,
				4E76FD7B1A6353E5009722A0 /* SLRepeatTableViewCell.swift in Sources */,
				4E1AC8EA1A9DBEFB00E3404F /* Constants.swift in Sources */,
			);
			runOnlyForDeploymentPostprocessing = 0;
		};
/* End PBXSourcesBuildPhase section */

/* Begin XCBuildConfiguration section */
		4E93B71E1A56DD0400407EE6 /* Debug */ = {
			isa = XCBuildConfiguration;
			buildSettings = {
				ALWAYS_SEARCH_USER_PATHS = NO;
				CLANG_CXX_LANGUAGE_STANDARD = "gnu++0x";
				CLANG_CXX_LIBRARY = "libc++";
				CLANG_ENABLE_MODULES = YES;
				CLANG_ENABLE_OBJC_ARC = YES;
				CLANG_WARN_BOOL_CONVERSION = YES;
				CLANG_WARN_CONSTANT_CONVERSION = YES;
				CLANG_WARN_DIRECT_OBJC_ISA_USAGE = YES_ERROR;
				CLANG_WARN_EMPTY_BODY = YES;
				CLANG_WARN_ENUM_CONVERSION = YES;
				CLANG_WARN_INT_CONVERSION = YES;
				CLANG_WARN_OBJC_ROOT_CLASS = YES_ERROR;
				CLANG_WARN_UNREACHABLE_CODE = YES;
				CLANG_WARN__DUPLICATE_METHOD_MATCH = YES;
				"CODE_SIGN_IDENTITY[sdk=iphoneos*]" = "iPhone Developer";
				COPY_PHASE_STRIP = NO;
				ENABLE_STRICT_OBJC_MSGSEND = YES;
				ENABLE_TESTABILITY = YES;
				GCC_C_LANGUAGE_STANDARD = gnu99;
				GCC_DYNAMIC_NO_PIC = NO;
				GCC_OPTIMIZATION_LEVEL = 0;
				GCC_PREPROCESSOR_DEFINITIONS = (
					"DEBUG=1",
					"$(inherited)",
				);
				GCC_SYMBOLS_PRIVATE_EXTERN = NO;
				GCC_WARN_64_TO_32_BIT_CONVERSION = YES;
				GCC_WARN_ABOUT_RETURN_TYPE = YES_ERROR;
				GCC_WARN_UNDECLARED_SELECTOR = YES;
				GCC_WARN_UNINITIALIZED_AUTOS = YES_AGGRESSIVE;
				GCC_WARN_UNUSED_FUNCTION = YES;
				GCC_WARN_UNUSED_VARIABLE = YES;
				IPHONEOS_DEPLOYMENT_TARGET = 8.1;
				MTL_ENABLE_DEBUG_INFO = YES;
				ONLY_ACTIVE_ARCH = YES;
				SDKROOT = iphoneos;
				SWIFT_OPTIMIZATION_LEVEL = "-Onone";
			};
			name = Debug;
		};
		4E93B71F1A56DD0400407EE6 /* Release */ = {
			isa = XCBuildConfiguration;
			buildSettings = {
				ALWAYS_SEARCH_USER_PATHS = NO;
				CLANG_CXX_LANGUAGE_STANDARD = "gnu++0x";
				CLANG_CXX_LIBRARY = "libc++";
				CLANG_ENABLE_MODULES = YES;
				CLANG_ENABLE_OBJC_ARC = YES;
				CLANG_WARN_BOOL_CONVERSION = YES;
				CLANG_WARN_CONSTANT_CONVERSION = YES;
				CLANG_WARN_DIRECT_OBJC_ISA_USAGE = YES_ERROR;
				CLANG_WARN_EMPTY_BODY = YES;
				CLANG_WARN_ENUM_CONVERSION = YES;
				CLANG_WARN_INT_CONVERSION = YES;
				CLANG_WARN_OBJC_ROOT_CLASS = YES_ERROR;
				CLANG_WARN_UNREACHABLE_CODE = YES;
				CLANG_WARN__DUPLICATE_METHOD_MATCH = YES;
				"CODE_SIGN_IDENTITY[sdk=iphoneos*]" = "iPhone Developer";
				COPY_PHASE_STRIP = YES;
				ENABLE_NS_ASSERTIONS = NO;
				ENABLE_STRICT_OBJC_MSGSEND = YES;
				GCC_C_LANGUAGE_STANDARD = gnu99;
				GCC_WARN_64_TO_32_BIT_CONVERSION = YES;
				GCC_WARN_ABOUT_RETURN_TYPE = YES_ERROR;
				GCC_WARN_UNDECLARED_SELECTOR = YES;
				GCC_WARN_UNINITIALIZED_AUTOS = YES_AGGRESSIVE;
				GCC_WARN_UNUSED_FUNCTION = YES;
				GCC_WARN_UNUSED_VARIABLE = YES;
				IPHONEOS_DEPLOYMENT_TARGET = 8.1;
				MTL_ENABLE_DEBUG_INFO = NO;
				SDKROOT = iphoneos;
				VALIDATE_PRODUCT = YES;
			};
			name = Release;
		};
		4E93B7211A56DD0400407EE6 /* Debug */ = {
			isa = XCBuildConfiguration;
			baseConfigurationReference = A5D11A5E3BC5CBA502362DB0 /* Pods.debug.xcconfig */;
			buildSettings = {
				ASSETCATALOG_COMPILER_APPICON_NAME = AppIcon;
				ASSETCATALOG_COMPILER_LAUNCHIMAGE_NAME = LaunchImage;
				CLANG_ALLOW_NON_MODULAR_INCLUDES_IN_FRAMEWORK_MODULES = NO;
				CLANG_ENABLE_MODULES = YES;
				CODE_SIGN_IDENTITY = "iPhone Developer";
				INFOPLIST_FILE = Slang/Info.plist;
				IPHONEOS_DEPLOYMENT_TARGET = 8.0;
				LD_RUNPATH_SEARCH_PATHS = "$(inherited) @executable_path/Frameworks";
				PRODUCT_BUNDLE_IDENTIFIER = "io.CreativeCode.$(PRODUCT_NAME:rfc1034identifier)";
				PRODUCT_NAME = "$(TARGET_NAME)";
				SWIFT_INCLUDE_PATHS = "";
				SWIFT_OBJC_BRIDGING_HEADER = "Slang/Slang-Bridging-Header.h";
				SWIFT_OPTIMIZATION_LEVEL = "-Owholemodule";
			};
			name = Debug;
		};
		4E93B7221A56DD0400407EE6 /* Release */ = {
			isa = XCBuildConfiguration;
			baseConfigurationReference = CEC659C248D2A8A2AC48DBEA /* Pods.release.xcconfig */;
			buildSettings = {
				ASSETCATALOG_COMPILER_APPICON_NAME = AppIcon;
				ASSETCATALOG_COMPILER_LAUNCHIMAGE_NAME = LaunchImage;
				CLANG_ALLOW_NON_MODULAR_INCLUDES_IN_FRAMEWORK_MODULES = NO;
				CLANG_ENABLE_MODULES = YES;
				CODE_SIGN_IDENTITY = "iPhone Developer";
				INFOPLIST_FILE = Slang/Info.plist;
				IPHONEOS_DEPLOYMENT_TARGET = 8.0;
				LD_RUNPATH_SEARCH_PATHS = "$(inherited) @executable_path/Frameworks";
				PRODUCT_BUNDLE_IDENTIFIER = "io.CreativeCode.$(PRODUCT_NAME:rfc1034identifier)";
				PRODUCT_NAME = "$(TARGET_NAME)";
				SWIFT_INCLUDE_PATHS = "";
				SWIFT_OBJC_BRIDGING_HEADER = "Slang/Slang-Bridging-Header.h";
				SWIFT_OPTIMIZATION_LEVEL = "-Owholemodule";
			};
			name = Release;
		};
/* End XCBuildConfiguration section */

/* Begin XCConfigurationList section */
		4E93B7011A56DD0400407EE6 /* Build configuration list for PBXProject "Slang" */ = {
			isa = XCConfigurationList;
			buildConfigurations = (
				4E93B71E1A56DD0400407EE6 /* Debug */,
				4E93B71F1A56DD0400407EE6 /* Release */,
			);
			defaultConfigurationIsVisible = 0;
			defaultConfigurationName = Release;
		};
		4E93B7201A56DD0400407EE6 /* Build configuration list for PBXNativeTarget "Slang" */ = {
			isa = XCConfigurationList;
			buildConfigurations = (
				4E93B7211A56DD0400407EE6 /* Debug */,
				4E93B7221A56DD0400407EE6 /* Release */,
			);
			defaultConfigurationIsVisible = 0;
			defaultConfigurationName = Release;
		};
/* End XCConfigurationList section */
	};
	rootObject = 4E93B6FE1A56DD0400407EE6 /* Project object */;
}
