<?xml version="1.0" encoding="UTF-8"?>
<!DOCTYPE plist PUBLIC "-//Apple//DTD PLIST 1.0//EN" "http://www.apple.com/DTDs/PropertyList-1.0.dtd">
<plist version="1.0">
<dict>
	<key>archiveVersion</key>
	<string>1</string>
	<key>classes</key>
	<dict/>
	<key>objectVersion</key>
	<string>46</string>
	<key>objects</key>
	<dict>
		<key>12638191B1535AC2CD2F225D</key>
		<dict>
			<key>buildActionMask</key>
			<string>2147483647</string>
			<key>files</key>
			<array/>
			<key>inputPaths</key>
			<array/>
			<key>isa</key>
			<string>PBXShellScriptBuildPhase</string>
			<key>name</key>
			<string>Copy Pods Resources</string>
			<key>outputPaths</key>
			<array/>
			<key>runOnlyForDeploymentPostprocessing</key>
			<string>0</string>
			<key>shellPath</key>
			<string>/bin/sh</string>
			<key>shellScript</key>
			<string>"${SRCROOT}/Pods/Target Support Files/Pods-Slang/Pods-Slang-resources.sh"
</string>
			<key>showEnvVarsInLog</key>
			<string>0</string>
		</dict>
		<key>1404F87047EE0EF8272E28AA</key>
		<dict>
			<key>children</key>
			<array>
				<string>A5D11A5E3BC5CBA502362DB0</string>
				<string>CEC659C248D2A8A2AC48DBEA</string>
				<string>F2E34DE56D5C24A9330BCF33</string>
				<string>A667F45B67C30584F7CDA79A</string>
				<string>7E85F7434F21A079B74B985C</string>
				<string>DEC588EC080B5BB02D4653EE</string>
			</array>
			<key>isa</key>
			<string>PBXGroup</string>
			<key>name</key>
			<string>Pods</string>
			<key>sourceTree</key>
			<string>&lt;group&gt;</string>
		</dict>
		<key>19EBC0A40CC04BAF6DB199C1</key>
		<dict>
			<key>buildActionMask</key>
			<string>2147483647</string>
			<key>files</key>
			<array/>
			<key>inputPaths</key>
			<array/>
			<key>isa</key>
			<string>PBXShellScriptBuildPhase</string>
			<key>name</key>
			<string>Check Pods Manifest.lock</string>
			<key>outputPaths</key>
			<array/>
			<key>runOnlyForDeploymentPostprocessing</key>
			<string>0</string>
			<key>shellPath</key>
			<string>/bin/sh</string>
			<key>shellScript</key>
			<string>diff "${PODS_ROOT}/../Podfile.lock" "${PODS_ROOT}/Manifest.lock" &gt; /dev/null
if [[ $? != 0 ]] ; then
    cat &lt;&lt; EOM
error: The sandbox is not in sync with the Podfile.lock. Run 'pod install' or update your CocoaPods installation.
EOM
    exit 1
fi
</string>
			<key>showEnvVarsInLog</key>
			<string>0</string>
		</dict>
		<key>1D73F2574966ED7AEB23C1AC</key>
		<dict>
			<key>buildActionMask</key>
			<string>2147483647</string>
			<key>files</key>
			<array/>
			<key>inputPaths</key>
			<array/>
			<key>isa</key>
			<string>PBXShellScriptBuildPhase</string>
			<key>name</key>
			<string>Embed Pods Frameworks</string>
			<key>outputPaths</key>
			<array/>
			<key>runOnlyForDeploymentPostprocessing</key>
			<string>0</string>
			<key>shellPath</key>
			<string>/bin/sh</string>
			<key>shellScript</key>
			<string>"${SRCROOT}/Pods/Target Support Files/Pods-SlangTests/Pods-SlangTests-frameworks.sh"
</string>
			<key>showEnvVarsInLog</key>
			<string>0</string>
		</dict>
		<key>258AFAEFDEAEC2A3359EAE2C</key>
		<dict>
			<key>children</key>
			<array>
				<string>BA37CA11484F902ED497EF6F</string>
				<string>556DA372A181B7A9EB7D92F8</string>
				<string>6EC1BD4AF55DFB4F6015F5EE</string>
			</array>
			<key>isa</key>
			<string>PBXGroup</string>
			<key>name</key>
			<string>Frameworks</string>
			<key>sourceTree</key>
			<string>&lt;group&gt;</string>
		</dict>
		<key>27BB9B40DE91F878C2C307DF</key>
		<dict>
			<key>buildActionMask</key>
			<string>2147483647</string>
			<key>files</key>
			<array/>
			<key>inputPaths</key>
			<array/>
			<key>isa</key>
			<string>PBXShellScriptBuildPhase</string>
			<key>name</key>
			<string>Check Pods Manifest.lock</string>
			<key>outputPaths</key>
			<array/>
			<key>runOnlyForDeploymentPostprocessing</key>
			<string>0</string>
			<key>shellPath</key>
			<string>/bin/sh</string>
			<key>shellScript</key>
			<string>diff "${PODS_ROOT}/../Podfile.lock" "${PODS_ROOT}/Manifest.lock" &gt; /dev/null
if [[ $? != 0 ]] ; then
    cat &lt;&lt; EOM
error: The sandbox is not in sync with the Podfile.lock. Run 'pod install' or update your CocoaPods installation.
EOM
    exit 1
fi
</string>
			<key>showEnvVarsInLog</key>
			<string>0</string>
		</dict>
		<key>30B8D5804448E9CAEEA8545B</key>
		<dict>
			<key>buildActionMask</key>
			<string>2147483647</string>
			<key>files</key>
			<array/>
			<key>inputPaths</key>
			<array/>
			<key>isa</key>
			<string>PBXShellScriptBuildPhase</string>
			<key>name</key>
			<string>Embed Pods Frameworks</string>
			<key>outputPaths</key>
			<array/>
			<key>runOnlyForDeploymentPostprocessing</key>
			<string>0</string>
			<key>shellPath</key>
			<string>/bin/sh</string>
			<key>shellScript</key>
			<string>"${SRCROOT}/Pods/Target Support Files/Pods-Slang/Pods-Slang-frameworks.sh"
</string>
			<key>showEnvVarsInLog</key>
			<string>0</string>
		</dict>
		<key>4E76FD761A631A10009722A0</key>
		<dict>
			<key>fileEncoding</key>
			<string>4</string>
			<key>isa</key>
			<string>PBXFileReference</string>
			<key>lastKnownFileType</key>
			<string>sourcecode.swift</string>
			<key>name</key>
			<string>SLEndTableViewCell.swift</string>
			<key>path</key>
			<string>Language/SLEndTableViewCell.swift</string>
			<key>sourceTree</key>
			<string>&lt;group&gt;</string>
		</dict>
		<key>4E76FD771A631A10009722A0</key>
		<dict>
			<key>fileRef</key>
			<string>4E76FD761A631A10009722A0</string>
			<key>isa</key>
			<string>PBXBuildFile</string>
		</dict>
		<key>4E76FD781A63220A009722A0</key>
		<dict>
			<key>fileEncoding</key>
			<string>4</string>
			<key>isa</key>
			<string>PBXFileReference</string>
			<key>lastKnownFileType</key>
			<string>sourcecode.swift</string>
			<key>name</key>
			<string>SLPrintTableViewCell.swift</string>
			<key>path</key>
			<string>Language/SLPrintTableViewCell.swift</string>
			<key>sourceTree</key>
			<string>&lt;group&gt;</string>
		</dict>
		<key>4E76FD791A63220A009722A0</key>
		<dict>
			<key>fileRef</key>
			<string>4E76FD781A63220A009722A0</string>
			<key>isa</key>
			<string>PBXBuildFile</string>
		</dict>
		<key>4E76FD7A1A6353E5009722A0</key>
		<dict>
			<key>fileEncoding</key>
			<string>4</string>
			<key>isa</key>
			<string>PBXFileReference</string>
			<key>lastKnownFileType</key>
			<string>sourcecode.swift</string>
			<key>name</key>
			<string>SLRepeatTableViewCell.swift</string>
			<key>path</key>
			<string>Language/SLRepeatTableViewCell.swift</string>
			<key>sourceTree</key>
			<string>&lt;group&gt;</string>
		</dict>
		<key>4E76FD7B1A6353E5009722A0</key>
		<dict>
			<key>fileRef</key>
			<string>4E76FD7A1A6353E5009722A0</string>
			<key>isa</key>
			<string>PBXBuildFile</string>
		</dict>
		<key>4E76FD7C1A640D9C009722A0</key>
		<dict>
			<key>fileEncoding</key>
			<string>4</string>
			<key>isa</key>
			<string>PBXFileReference</string>
			<key>lastKnownFileType</key>
			<string>sourcecode.swift</string>
			<key>name</key>
			<string>SLElseTableViewCell.swift</string>
			<key>path</key>
			<string>Language/SLElseTableViewCell.swift</string>
			<key>sourceTree</key>
			<string>&lt;group&gt;</string>
		</dict>
		<key>4E76FD7D1A640D9C009722A0</key>
		<dict>
			<key>fileRef</key>
			<string>4E76FD7C1A640D9C009722A0</string>
			<key>isa</key>
			<string>PBXBuildFile</string>
		</dict>
		<key>4E76FD7E1A640DB7009722A0</key>
		<dict>
			<key>fileEncoding</key>
			<string>4</string>
			<key>isa</key>
			<string>PBXFileReference</string>
			<key>lastKnownFileType</key>
			<string>sourcecode.swift</string>
			<key>name</key>
			<string>SLIfTableViewCell.swift</string>
			<key>path</key>
			<string>Language/SLIfTableViewCell.swift</string>
			<key>sourceTree</key>
			<string>&lt;group&gt;</string>
		</dict>
		<key>4E76FD7F1A640DB7009722A0</key>
		<dict>
			<key>fileRef</key>
			<string>4E76FD7E1A640DB7009722A0</string>
			<key>isa</key>
			<string>PBXBuildFile</string>
		</dict>
		<key>4E7CD3DB1A807BCD0031BF4A</key>
		<dict>
			<key>fileEncoding</key>
			<string>4</string>
			<key>isa</key>
			<string>PBXFileReference</string>
			<key>lastKnownFileType</key>
			<string>sourcecode.swift</string>
			<key>path</key>
			<string>MockTest.swift</string>
			<key>sourceTree</key>
			<string>&lt;group&gt;</string>
		</dict>
		<key>4E7CD3DC1A807BCD0031BF4A</key>
		<dict>
			<key>fileRef</key>
			<string>4E7CD3DB1A807BCD0031BF4A</string>
			<key>isa</key>
			<string>PBXBuildFile</string>
		</dict>
		<key>4E93B6FD1A56DD0400407EE6</key>
		<dict>
			<key>children</key>
			<array>
				<string>4E93B7081A56DD0400407EE6</string>
				<string>4E93B7191A56DD0400407EE6</string>
				<string>4E93B7071A56DD0400407EE6</string>
				<string>1404F87047EE0EF8272E28AA</string>
				<string>258AFAEFDEAEC2A3359EAE2C</string>
			</array>
			<key>isa</key>
			<string>PBXGroup</string>
			<key>sourceTree</key>
			<string>&lt;group&gt;</string>
		</dict>
		<key>4E93B6FE1A56DD0400407EE6</key>
		<dict>
			<key>attributes</key>
			<dict>
				<key>LastUpgradeCheck</key>
				<string>0610</string>
				<key>ORGANIZATIONNAME</key>
				<string>Tosin Afolabi</string>
				<key>TargetAttributes</key>
				<dict>
					<key>4E93B7051A56DD0400407EE6</key>
					<dict>
						<key>CreatedOnToolsVersion</key>
						<string>6.1.1</string>
						<key>DevelopmentTeam</key>
						<string>3XXD9JUN7B</string>
					</dict>
					<key>4E93B7151A56DD0400407EE6</key>
					<dict>
						<key>CreatedOnToolsVersion</key>
						<string>6.1.1</string>
						<key>TestTargetID</key>
						<string>4E93B7051A56DD0400407EE6</string>
					</dict>
				</dict>
			</dict>
			<key>buildConfigurationList</key>
			<string>4E93B7011A56DD0400407EE6</string>
			<key>compatibilityVersion</key>
			<string>Xcode 3.2</string>
			<key>developmentRegion</key>
			<string>English</string>
			<key>hasScannedForEncodings</key>
			<string>0</string>
			<key>isa</key>
			<string>PBXProject</string>
			<key>knownRegions</key>
			<array>
				<string>en</string>
				<string>Base</string>
			</array>
			<key>mainGroup</key>
			<string>4E93B6FD1A56DD0400407EE6</string>
			<key>productRefGroup</key>
			<string>4E93B7071A56DD0400407EE6</string>
			<key>projectDirPath</key>
			<string></string>
			<key>projectReferences</key>
			<array/>
			<key>projectRoot</key>
			<string></string>
			<key>targets</key>
			<array>
				<string>4E93B7051A56DD0400407EE6</string>
				<string>4E93B7151A56DD0400407EE6</string>
			</array>
		</dict>
		<key>4E93B7011A56DD0400407EE6</key>
		<dict>
			<key>buildConfigurations</key>
			<array>
				<string>4E93B71E1A56DD0400407EE6</string>
				<string>4E93B71F1A56DD0400407EE6</string>
			</array>
			<key>defaultConfigurationIsVisible</key>
			<string>0</string>
			<key>defaultConfigurationName</key>
			<string>Release</string>
			<key>isa</key>
			<string>XCConfigurationList</string>
		</dict>
		<key>4E93B7021A56DD0400407EE6</key>
		<dict>
			<key>buildActionMask</key>
			<string>2147483647</string>
			<key>files</key>
			<array>
				<string>4E93B72B1A56FA2800407EE6</string>
				<string>4E93B70C1A56DD0400407EE6</string>
				<string>4E93B72D1A56FB3800407EE6</string>
				<string>4E93B7301A56FC5000407EE6</string>
				<string>4E76FD771A631A10009722A0</string>
				<string>4ECA420B1A57B503002B98ED</string>
				<string>4ECA42091A57152D002B98ED</string>
				<string>4E76FD7F1A640DB7009722A0</string>
				<string>4ECA42111A57C2A1002B98ED</string>
				<string>4E76FD791A63220A009722A0</string>
				<string>4E76FD7D1A640D9C009722A0</string>
				<string>4E76FD7B1A6353E5009722A0</string>
			</array>
			<key>isa</key>
			<string>PBXSourcesBuildPhase</string>
			<key>runOnlyForDeploymentPostprocessing</key>
			<string>0</string>
		</dict>
		<key>4E93B7031A56DD0400407EE6</key>
		<dict>
			<key>buildActionMask</key>
			<string>2147483647</string>
			<key>files</key>
			<array>
				<string>94C19EF20892CF7AC1F7CB3F</string>
			</array>
			<key>isa</key>
			<string>PBXFrameworksBuildPhase</string>
			<key>runOnlyForDeploymentPostprocessing</key>
			<string>0</string>
		</dict>
		<key>4E93B7041A56DD0400407EE6</key>
		<dict>
			<key>buildActionMask</key>
			<string>2147483647</string>
			<key>files</key>
			<array>
				<string>4E93B70E1A56DD0400407EE6</string>
				<string>4ECA420F1A57B7F6002B98ED</string>
				<string>4ECA42131A57DE62002B98ED</string>
			</array>
			<key>isa</key>
			<string>PBXResourcesBuildPhase</string>
			<key>runOnlyForDeploymentPostprocessing</key>
			<string>0</string>
		</dict>
		<key>4E93B7051A56DD0400407EE6</key>
		<dict>
			<key>buildConfigurationList</key>
			<string>4E93B7201A56DD0400407EE6</string>
			<key>buildPhases</key>
			<array>
				<string>27BB9B40DE91F878C2C307DF</string>
				<string>4E93B7021A56DD0400407EE6</string>
				<string>4E93B7031A56DD0400407EE6</string>
				<string>4E93B7041A56DD0400407EE6</string>
				<string>12638191B1535AC2CD2F225D</string>
				<string>30B8D5804448E9CAEEA8545B</string>
			</array>
			<key>buildRules</key>
			<array/>
			<key>dependencies</key>
			<array/>
			<key>isa</key>
			<string>PBXNativeTarget</string>
			<key>name</key>
			<string>Slang</string>
			<key>productName</key>
			<string>Slang</string>
			<key>productReference</key>
			<string>4E93B7061A56DD0400407EE6</string>
			<key>productType</key>
			<string>com.apple.product-type.application</string>
		</dict>
		<key>4E93B7061A56DD0400407EE6</key>
		<dict>
			<key>explicitFileType</key>
			<string>wrapper.application</string>
			<key>includeInIndex</key>
			<string>0</string>
			<key>isa</key>
			<string>PBXFileReference</string>
			<key>path</key>
			<string>Slang.app</string>
			<key>sourceTree</key>
			<string>BUILT_PRODUCTS_DIR</string>
		</dict>
		<key>4E93B7071A56DD0400407EE6</key>
		<dict>
			<key>children</key>
			<array>
				<string>4E93B7061A56DD0400407EE6</string>
				<string>4E93B7161A56DD0400407EE6</string>
			</array>
			<key>isa</key>
			<string>PBXGroup</string>
			<key>name</key>
			<string>Products</string>
			<key>sourceTree</key>
			<string>&lt;group&gt;</string>
		</dict>
		<key>4E93B7081A56DD0400407EE6</key>
		<dict>
			<key>children</key>
			<array>
				<string>4E93B70B1A56DD0400407EE6</string>
				<string>4E93B7281A56F9B600407EE6</string>
				<string>4ECA420C1A57B7E1002B98ED</string>
				<string>4E93B7091A56DD0400407EE6</string>
				<string>4E93B70D1A56DD0400407EE6</string>
			</array>
			<key>isa</key>
			<string>PBXGroup</string>
			<key>path</key>
			<string>Slang</string>
			<key>sourceTree</key>
			<string>&lt;group&gt;</string>
		</dict>
		<key>4E93B7091A56DD0400407EE6</key>
		<dict>
			<key>children</key>
			<array>
				<string>4E93B70A1A56DD0400407EE6</string>
				<string>4ECA42141A5BD962002B98ED</string>
			</array>
			<key>isa</key>
			<string>PBXGroup</string>
			<key>name</key>
			<string>Supporting Files</string>
			<key>sourceTree</key>
			<string>&lt;group&gt;</string>
		</dict>
		<key>4E93B70A1A56DD0400407EE6</key>
		<dict>
			<key>isa</key>
			<string>PBXFileReference</string>
			<key>lastKnownFileType</key>
			<string>text.plist.xml</string>
			<key>path</key>
			<string>Info.plist</string>
			<key>sourceTree</key>
			<string>&lt;group&gt;</string>
		</dict>
		<key>4E93B70B1A56DD0400407EE6</key>
		<dict>
			<key>isa</key>
			<string>PBXFileReference</string>
			<key>lastKnownFileType</key>
			<string>sourcecode.swift</string>
			<key>path</key>
			<string>AppDelegate.swift</string>
			<key>sourceTree</key>
			<string>&lt;group&gt;</string>
		</dict>
		<key>4E93B70C1A56DD0400407EE6</key>
		<dict>
			<key>fileRef</key>
			<string>4E93B70B1A56DD0400407EE6</string>
			<key>isa</key>
			<string>PBXBuildFile</string>
		</dict>
		<key>4E93B70D1A56DD0400407EE6</key>
		<dict>
			<key>isa</key>
			<string>PBXFileReference</string>
			<key>lastKnownFileType</key>
			<string>folder.assetcatalog</string>
			<key>path</key>
			<string>Images.xcassets</string>
			<key>sourceTree</key>
			<string>&lt;group&gt;</string>
		</dict>
		<key>4E93B70E1A56DD0400407EE6</key>
		<dict>
			<key>fileRef</key>
			<string>4E93B70D1A56DD0400407EE6</string>
			<key>isa</key>
			<string>PBXBuildFile</string>
		</dict>
		<key>4E93B7121A56DD0400407EE6</key>
		<dict>
			<key>buildActionMask</key>
			<string>2147483647</string>
			<key>files</key>
			<array>
				<string>4EFB9EBE1A819D5C0074C618</string>
				<string>4EFB9EB71A819D550074C618</string>
				<string>4EFB9EB91A819D550074C618</string>
				<string>4E93B71D1A56DD0400407EE6</string>
				<string>4EFB9EBB1A819D550074C618</string>
				<string>4EFB9EB61A819D550074C618</string>
				<string>4EFB9EB51A819D4E0074C618</string>
				<string>4EFB9EB41A819CAE0074C618</string>
				<string>4EFB9EBD1A819D5A0074C618</string>
				<string>4EFB9EB81A819D550074C618</string>
				<string>4EFB9EBA1A819D550074C618</string>
				<string>4EFB9EBC1A819D580074C618</string>
				<string>4E7CD3DC1A807BCD0031BF4A</string>
			</array>
			<key>isa</key>
			<string>PBXSourcesBuildPhase</string>
			<key>runOnlyForDeploymentPostprocessing</key>
			<string>0</string>
		</dict>
		<key>4E93B7131A56DD0400407EE6</key>
		<dict>
			<key>buildActionMask</key>
			<string>2147483647</string>
			<key>files</key>
			<array>
				<string>DD8C7D9C4574E041B86C95A0</string>
				<string>96447DE6C45F2AF8094F3A6B</string>
				<string>9A4D3E50B69104874F5C8E84</string>
				<string>9F988080F4DCA7FD9E2AB18D</string>
			</array>
			<key>isa</key>
			<string>PBXFrameworksBuildPhase</string>
			<key>runOnlyForDeploymentPostprocessing</key>
			<string>0</string>
		</dict>
		<key>4E93B7141A56DD0400407EE6</key>
		<dict>
			<key>buildActionMask</key>
			<string>2147483647</string>
			<key>files</key>
			<array/>
			<key>isa</key>
			<string>PBXResourcesBuildPhase</string>
			<key>runOnlyForDeploymentPostprocessing</key>
			<string>0</string>
		</dict>
		<key>4E93B7151A56DD0400407EE6</key>
		<dict>
			<key>buildConfigurationList</key>
			<string>4E93B7231A56DD0400407EE6</string>
			<key>buildPhases</key>
			<array>
				<string>19EBC0A40CC04BAF6DB199C1</string>
				<string>4E93B7121A56DD0400407EE6</string>
				<string>4E93B7131A56DD0400407EE6</string>
				<string>4E93B7141A56DD0400407EE6</string>
				<string>53B6DCCFDFE006186C51ECF2</string>
				<string>1D73F2574966ED7AEB23C1AC</string>
			</array>
			<key>buildRules</key>
			<array/>
			<key>dependencies</key>
			<array>
				<string>4E93B7181A56DD0400407EE6</string>
			</array>
			<key>isa</key>
			<string>PBXNativeTarget</string>
			<key>name</key>
			<string>SlangTests</string>
			<key>productName</key>
			<string>SlangTests</string>
			<key>productReference</key>
			<string>4E93B7161A56DD0400407EE6</string>
			<key>productType</key>
			<string>com.apple.product-type.bundle.unit-test</string>
		</dict>
		<key>4E93B7161A56DD0400407EE6</key>
		<dict>
			<key>explicitFileType</key>
			<string>wrapper.cfbundle</string>
			<key>includeInIndex</key>
			<string>0</string>
			<key>isa</key>
			<string>PBXFileReference</string>
			<key>path</key>
			<string>SlangTests.xctest</string>
			<key>sourceTree</key>
			<string>BUILT_PRODUCTS_DIR</string>
		</dict>
		<key>4E93B7171A56DD0400407EE6</key>
		<dict>
			<key>containerPortal</key>
			<string>4E93B6FE1A56DD0400407EE6</string>
			<key>isa</key>
			<string>PBXContainerItemProxy</string>
			<key>proxyType</key>
			<string>1</string>
			<key>remoteGlobalIDString</key>
			<string>4E93B7051A56DD0400407EE6</string>
			<key>remoteInfo</key>
			<string>Slang</string>
		</dict>
		<key>4E93B7181A56DD0400407EE6</key>
		<dict>
			<key>isa</key>
			<string>PBXTargetDependency</string>
			<key>target</key>
			<string>4E93B7051A56DD0400407EE6</string>
			<key>targetProxy</key>
			<string>4E93B7171A56DD0400407EE6</string>
		</dict>
		<key>4E93B7191A56DD0400407EE6</key>
		<dict>
			<key>children</key>
			<array>
				<string>4E93B71C1A56DD0400407EE6</string>
				<string>4E7CD3DB1A807BCD0031BF4A</string>
				<string>4E93B71A1A56DD0400407EE6</string>
			</array>
			<key>isa</key>
			<string>PBXGroup</string>
			<key>path</key>
			<string>SlangTests</string>
			<key>sourceTree</key>
			<string>&lt;group&gt;</string>
		</dict>
		<key>4E93B71A1A56DD0400407EE6</key>
		<dict>
			<key>children</key>
			<array>
				<string>4E93B71B1A56DD0400407EE6</string>
			</array>
			<key>isa</key>
			<string>PBXGroup</string>
			<key>name</key>
			<string>Supporting Files</string>
			<key>sourceTree</key>
			<string>&lt;group&gt;</string>
		</dict>
		<key>4E93B71B1A56DD0400407EE6</key>
		<dict>
			<key>isa</key>
			<string>PBXFileReference</string>
			<key>lastKnownFileType</key>
			<string>text.plist.xml</string>
			<key>path</key>
			<string>Info.plist</string>
			<key>sourceTree</key>
			<string>&lt;group&gt;</string>
		</dict>
		<key>4E93B71C1A56DD0400407EE6</key>
		<dict>
			<key>isa</key>
			<string>PBXFileReference</string>
			<key>lastKnownFileType</key>
			<string>sourcecode.swift</string>
			<key>path</key>
			<string>SlangTests.swift</string>
			<key>sourceTree</key>
			<string>&lt;group&gt;</string>
		</dict>
		<key>4E93B71D1A56DD0400407EE6</key>
		<dict>
			<key>fileRef</key>
			<string>4E93B71C1A56DD0400407EE6</string>
			<key>isa</key>
			<string>PBXBuildFile</string>
		</dict>
		<key>4E93B71E1A56DD0400407EE6</key>
		<dict>
			<key>buildSettings</key>
			<dict>
				<key>ALWAYS_SEARCH_USER_PATHS</key>
				<string>NO</string>
				<key>CLANG_CXX_LANGUAGE_STANDARD</key>
				<string>gnu++0x</string>
				<key>CLANG_CXX_LIBRARY</key>
				<string>libc++</string>
				<key>CLANG_ENABLE_MODULES</key>
				<string>YES</string>
				<key>CLANG_ENABLE_OBJC_ARC</key>
				<string>YES</string>
				<key>CLANG_WARN_BOOL_CONVERSION</key>
				<string>YES</string>
				<key>CLANG_WARN_CONSTANT_CONVERSION</key>
				<string>YES</string>
				<key>CLANG_WARN_DIRECT_OBJC_ISA_USAGE</key>
				<string>YES_ERROR</string>
				<key>CLANG_WARN_EMPTY_BODY</key>
				<string>YES</string>
				<key>CLANG_WARN_ENUM_CONVERSION</key>
				<string>YES</string>
				<key>CLANG_WARN_INT_CONVERSION</key>
				<string>YES</string>
				<key>CLANG_WARN_OBJC_ROOT_CLASS</key>
				<string>YES_ERROR</string>
				<key>CLANG_WARN_UNREACHABLE_CODE</key>
				<string>YES</string>
				<key>CLANG_WARN__DUPLICATE_METHOD_MATCH</key>
				<string>YES</string>
				<key>CODE_SIGN_IDENTITY[sdk=iphoneos*]</key>
				<string>iPhone Developer</string>
				<key>COPY_PHASE_STRIP</key>
				<string>NO</string>
				<key>ENABLE_STRICT_OBJC_MSGSEND</key>
				<string>YES</string>
				<key>GCC_C_LANGUAGE_STANDARD</key>
				<string>gnu99</string>
				<key>GCC_DYNAMIC_NO_PIC</key>
				<string>NO</string>
				<key>GCC_OPTIMIZATION_LEVEL</key>
				<string>0</string>
				<key>GCC_PREPROCESSOR_DEFINITIONS</key>
				<array>
					<string>DEBUG=1</string>
					<string>$(inherited)</string>
				</array>
				<key>GCC_SYMBOLS_PRIVATE_EXTERN</key>
				<string>NO</string>
				<key>GCC_WARN_64_TO_32_BIT_CONVERSION</key>
				<string>YES</string>
				<key>GCC_WARN_ABOUT_RETURN_TYPE</key>
				<string>YES_ERROR</string>
				<key>GCC_WARN_UNDECLARED_SELECTOR</key>
				<string>YES</string>
				<key>GCC_WARN_UNINITIALIZED_AUTOS</key>
				<string>YES_AGGRESSIVE</string>
				<key>GCC_WARN_UNUSED_FUNCTION</key>
				<string>YES</string>
				<key>GCC_WARN_UNUSED_VARIABLE</key>
				<string>YES</string>
				<key>IPHONEOS_DEPLOYMENT_TARGET</key>
				<string>8.1</string>
				<key>MTL_ENABLE_DEBUG_INFO</key>
				<string>YES</string>
				<key>ONLY_ACTIVE_ARCH</key>
				<string>YES</string>
				<key>SDKROOT</key>
				<string>iphoneos</string>
				<key>SWIFT_OPTIMIZATION_LEVEL</key>
				<string>-Onone</string>
			</dict>
			<key>isa</key>
			<string>XCBuildConfiguration</string>
			<key>name</key>
			<string>Debug</string>
		</dict>
		<key>4E93B71F1A56DD0400407EE6</key>
		<dict>
			<key>buildSettings</key>
			<dict>
				<key>ALWAYS_SEARCH_USER_PATHS</key>
				<string>NO</string>
				<key>CLANG_CXX_LANGUAGE_STANDARD</key>
				<string>gnu++0x</string>
				<key>CLANG_CXX_LIBRARY</key>
				<string>libc++</string>
				<key>CLANG_ENABLE_MODULES</key>
				<string>YES</string>
				<key>CLANG_ENABLE_OBJC_ARC</key>
				<string>YES</string>
				<key>CLANG_WARN_BOOL_CONVERSION</key>
				<string>YES</string>
				<key>CLANG_WARN_CONSTANT_CONVERSION</key>
				<string>YES</string>
				<key>CLANG_WARN_DIRECT_OBJC_ISA_USAGE</key>
				<string>YES_ERROR</string>
				<key>CLANG_WARN_EMPTY_BODY</key>
				<string>YES</string>
				<key>CLANG_WARN_ENUM_CONVERSION</key>
				<string>YES</string>
				<key>CLANG_WARN_INT_CONVERSION</key>
				<string>YES</string>
				<key>CLANG_WARN_OBJC_ROOT_CLASS</key>
				<string>YES_ERROR</string>
				<key>CLANG_WARN_UNREACHABLE_CODE</key>
				<string>YES</string>
				<key>CLANG_WARN__DUPLICATE_METHOD_MATCH</key>
				<string>YES</string>
				<key>CODE_SIGN_IDENTITY[sdk=iphoneos*]</key>
				<string>iPhone Developer</string>
				<key>COPY_PHASE_STRIP</key>
				<string>YES</string>
				<key>ENABLE_NS_ASSERTIONS</key>
				<string>NO</string>
				<key>ENABLE_STRICT_OBJC_MSGSEND</key>
				<string>YES</string>
				<key>GCC_C_LANGUAGE_STANDARD</key>
				<string>gnu99</string>
				<key>GCC_WARN_64_TO_32_BIT_CONVERSION</key>
				<string>YES</string>
				<key>GCC_WARN_ABOUT_RETURN_TYPE</key>
				<string>YES_ERROR</string>
				<key>GCC_WARN_UNDECLARED_SELECTOR</key>
				<string>YES</string>
				<key>GCC_WARN_UNINITIALIZED_AUTOS</key>
				<string>YES_AGGRESSIVE</string>
				<key>GCC_WARN_UNUSED_FUNCTION</key>
				<string>YES</string>
				<key>GCC_WARN_UNUSED_VARIABLE</key>
				<string>YES</string>
				<key>IPHONEOS_DEPLOYMENT_TARGET</key>
				<string>8.1</string>
				<key>MTL_ENABLE_DEBUG_INFO</key>
				<string>NO</string>
				<key>SDKROOT</key>
				<string>iphoneos</string>
				<key>VALIDATE_PRODUCT</key>
				<string>YES</string>
			</dict>
			<key>isa</key>
			<string>XCBuildConfiguration</string>
			<key>name</key>
			<string>Release</string>
		</dict>
		<key>4E93B7201A56DD0400407EE6</key>
		<dict>
			<key>buildConfigurations</key>
			<array>
				<string>4E93B7211A56DD0400407EE6</string>
				<string>4E93B7221A56DD0400407EE6</string>
			</array>
			<key>defaultConfigurationIsVisible</key>
			<string>0</string>
			<key>defaultConfigurationName</key>
			<string>Release</string>
			<key>isa</key>
			<string>XCConfigurationList</string>
		</dict>
		<key>4E93B7211A56DD0400407EE6</key>
		<dict>
			<key>baseConfigurationReference</key>
			<string>7E85F7434F21A079B74B985C</string>
			<key>buildSettings</key>
			<dict>
				<key>ASSETCATALOG_COMPILER_APPICON_NAME</key>
				<string>AppIcon</string>
				<key>ASSETCATALOG_COMPILER_LAUNCHIMAGE_NAME</key>
				<string>LaunchImage</string>
				<key>CLANG_ALLOW_NON_MODULAR_INCLUDES_IN_FRAMEWORK_MODULES</key>
				<string>NO</string>
				<key>CLANG_ENABLE_MODULES</key>
				<string>YES</string>
				<key>CODE_SIGN_IDENTITY</key>
				<string>iPhone Developer</string>
				<key>INFOPLIST_FILE</key>
				<string>Slang/Info.plist</string>
				<key>IPHONEOS_DEPLOYMENT_TARGET</key>
				<string>8.0</string>
				<key>LD_RUNPATH_SEARCH_PATHS</key>
				<string>$(inherited) @executable_path/Frameworks</string>
				<key>PRODUCT_NAME</key>
				<string>$(TARGET_NAME)</string>
				<key>SWIFT_INCLUDE_PATHS</key>
				<string></string>
				<key>SWIFT_OBJC_BRIDGING_HEADER</key>
				<string>Slang/Slang-Bridging-Header.h</string>
				<key>SWIFT_OPTIMIZATION_LEVEL</key>
				<string>-Onone</string>
			</dict>
			<key>isa</key>
			<string>XCBuildConfiguration</string>
			<key>name</key>
			<string>Debug</string>
		</dict>
		<key>4E93B7221A56DD0400407EE6</key>
		<dict>
			<key>baseConfigurationReference</key>
			<string>DEC588EC080B5BB02D4653EE</string>
			<key>buildSettings</key>
			<dict>
				<key>ASSETCATALOG_COMPILER_APPICON_NAME</key>
				<string>AppIcon</string>
				<key>ASSETCATALOG_COMPILER_LAUNCHIMAGE_NAME</key>
				<string>LaunchImage</string>
				<key>CLANG_ALLOW_NON_MODULAR_INCLUDES_IN_FRAMEWORK_MODULES</key>
				<string>NO</string>
				<key>CLANG_ENABLE_MODULES</key>
				<string>YES</string>
				<key>CODE_SIGN_IDENTITY</key>
				<string>iPhone Developer</string>
				<key>INFOPLIST_FILE</key>
				<string>Slang/Info.plist</string>
				<key>IPHONEOS_DEPLOYMENT_TARGET</key>
				<string>8.0</string>
				<key>LD_RUNPATH_SEARCH_PATHS</key>
				<string>$(inherited) @executable_path/Frameworks</string>
				<key>PRODUCT_NAME</key>
				<string>$(TARGET_NAME)</string>
				<key>SWIFT_INCLUDE_PATHS</key>
				<string></string>
				<key>SWIFT_OBJC_BRIDGING_HEADER</key>
				<string>Slang/Slang-Bridging-Header.h</string>
			</dict>
			<key>isa</key>
			<string>XCBuildConfiguration</string>
			<key>name</key>
			<string>Release</string>
		</dict>
		<key>4E93B7231A56DD0400407EE6</key>
		<dict>
			<key>buildConfigurations</key>
			<array>
				<string>4E93B7241A56DD0400407EE6</string>
				<string>4E93B7251A56DD0400407EE6</string>
			</array>
			<key>defaultConfigurationIsVisible</key>
			<string>0</string>
			<key>defaultConfigurationName</key>
			<string>Release</string>
			<key>isa</key>
			<string>XCConfigurationList</string>
		</dict>
		<key>4E93B7241A56DD0400407EE6</key>
		<dict>
			<key>baseConfigurationReference</key>
			<string>F2E34DE56D5C24A9330BCF33</string>
			<key>buildSettings</key>
			<dict>
				<key>BUNDLE_LOADER</key>
				<string>$(TEST_HOST)</string>
				<key>FRAMEWORK_SEARCH_PATHS</key>
				<array>
					<string>$(SDKROOT)/Developer/Library/Frameworks</string>
					<string>$(inherited)</string>
				</array>
				<key>GCC_PREPROCESSOR_DEFINITIONS</key>
				<array>
					<string>DEBUG=1</string>
					<string>$(inherited)</string>
				</array>
				<key>INFOPLIST_FILE</key>
				<string>SlangTests/Info.plist</string>
				<key>LD_RUNPATH_SEARCH_PATHS</key>
				<string>$(inherited) @executable_path/Frameworks @loader_path/Frameworks</string>
				<key>PRODUCT_NAME</key>
				<string>$(TARGET_NAME)</string>
				<key>TEST_HOST</key>
				<string>$(BUILT_PRODUCTS_DIR)/Slang.app/Slang</string>
			</dict>
			<key>isa</key>
			<string>XCBuildConfiguration</string>
			<key>name</key>
			<string>Debug</string>
		</dict>
		<key>4E93B7251A56DD0400407EE6</key>
		<dict>
			<key>baseConfigurationReference</key>
			<string>A667F45B67C30584F7CDA79A</string>
			<key>buildSettings</key>
			<dict>
				<key>BUNDLE_LOADER</key>
				<string>$(TEST_HOST)</string>
				<key>FRAMEWORK_SEARCH_PATHS</key>
				<array>
					<string>$(SDKROOT)/Developer/Library/Frameworks</string>
					<string>$(inherited)</string>
				</array>
				<key>INFOPLIST_FILE</key>
				<string>SlangTests/Info.plist</string>
				<key>LD_RUNPATH_SEARCH_PATHS</key>
				<string>$(inherited) @executable_path/Frameworks @loader_path/Frameworks</string>
				<key>PRODUCT_NAME</key>
				<string>$(TARGET_NAME)</string>
				<key>TEST_HOST</key>
				<string>$(BUILT_PRODUCTS_DIR)/Slang.app/Slang</string>
			</dict>
			<key>isa</key>
			<string>XCBuildConfiguration</string>
			<key>name</key>
			<string>Release</string>
		</dict>
		<key>4E93B7281A56F9B600407EE6</key>
		<dict>
			<key>children</key>
			<array>
				<string>4E93B72A1A56FA2800407EE6</string>
				<string>4E93B72C1A56FB3800407EE6</string>
				<string>4ECA42101A57C2A1002B98ED</string>
				<string>4E93B72E1A56FC1C00407EE6</string>
			</array>
			<key>isa</key>
			<string>PBXGroup</string>
			<key>name</key>
			<string>Language</string>
			<key>sourceTree</key>
			<string>&lt;group&gt;</string>
		</dict>
		<key>4E93B72A1A56FA2800407EE6</key>
		<dict>
			<key>fileEncoding</key>
			<string>4</string>
			<key>isa</key>
			<string>PBXFileReference</string>
			<key>lastKnownFileType</key>
			<string>sourcecode.swift</string>
			<key>name</key>
			<string>SlangViewController.swift</string>
			<key>path</key>
			<string>Language/SlangViewController.swift</string>
			<key>sourceTree</key>
			<string>&lt;group&gt;</string>
		</dict>
		<key>4E93B72B1A56FA2800407EE6</key>
		<dict>
			<key>fileRef</key>
			<string>4E93B72A1A56FA2800407EE6</string>
			<key>isa</key>
			<string>PBXBuildFile</string>
		</dict>
		<key>4E93B72C1A56FB3800407EE6</key>
		<dict>
			<key>fileEncoding</key>
			<string>4</string>
			<key>isa</key>
			<string>PBXFileReference</string>
			<key>lastKnownFileType</key>
			<string>sourcecode.swift</string>
			<key>name</key>
			<string>BlockType.swift</string>
			<key>path</key>
			<string>Language/BlockType.swift</string>
			<key>sourceTree</key>
			<string>&lt;group&gt;</string>
		</dict>
		<key>4E93B72D1A56FB3800407EE6</key>
		<dict>
			<key>fileRef</key>
			<string>4E93B72C1A56FB3800407EE6</string>
			<key>isa</key>
			<string>PBXBuildFile</string>
		</dict>
		<key>4E93B72E1A56FC1C00407EE6</key>
		<dict>
			<key>children</key>
			<array>
				<string>4ECA42081A57152D002B98ED</string>
				<string>4E93B72F1A56FC5000407EE6</string>
				<string>4ECA420A1A57B503002B98ED</string>
				<string>4E76FD761A631A10009722A0</string>
				<string>4E76FD781A63220A009722A0</string>
				<string>4E76FD7A1A6353E5009722A0</string>
				<string>4E76FD7E1A640DB7009722A0</string>
				<string>4E76FD7C1A640D9C009722A0</string>
			</array>
			<key>isa</key>
			<string>PBXGroup</string>
			<key>name</key>
			<string>Cells</string>
			<key>sourceTree</key>
			<string>&lt;group&gt;</string>
		</dict>
		<key>4E93B72F1A56FC5000407EE6</key>
		<dict>
			<key>fileEncoding</key>
			<string>4</string>
			<key>isa</key>
			<string>PBXFileReference</string>
			<key>lastKnownFileType</key>
			<string>sourcecode.swift</string>
			<key>name</key>
			<string>SLBlankTableViewCell.swift</string>
			<key>path</key>
			<string>Language/SLBlankTableViewCell.swift</string>
			<key>sourceTree</key>
			<string>&lt;group&gt;</string>
		</dict>
		<key>4E93B7301A56FC5000407EE6</key>
		<dict>
			<key>fileRef</key>
			<string>4E93B72F1A56FC5000407EE6</string>
			<key>isa</key>
			<string>PBXBuildFile</string>
		</dict>
		<key>4ECA42081A57152D002B98ED</key>
		<dict>
			<key>fileEncoding</key>
			<string>4</string>
			<key>isa</key>
			<string>PBXFileReference</string>
			<key>lastKnownFileType</key>
			<string>sourcecode.swift</string>
			<key>name</key>
			<string>SLBaseTableViewCell.swift</string>
			<key>path</key>
			<string>Language/SLBaseTableViewCell.swift</string>
			<key>sourceTree</key>
			<string>&lt;group&gt;</string>
		</dict>
		<key>4ECA42091A57152D002B98ED</key>
		<dict>
			<key>fileRef</key>
			<string>4ECA42081A57152D002B98ED</string>
			<key>isa</key>
			<string>PBXBuildFile</string>
		</dict>
		<key>4ECA420A1A57B503002B98ED</key>
		<dict>
			<key>fileEncoding</key>
			<string>4</string>
			<key>isa</key>
			<string>PBXFileReference</string>
			<key>lastKnownFileType</key>
			<string>sourcecode.swift</string>
			<key>name</key>
			<string>SLVariableTableViewCell.swift</string>
			<key>path</key>
			<string>Language/SLVariableTableViewCell.swift</string>
			<key>sourceTree</key>
			<string>&lt;group&gt;</string>
		</dict>
		<key>4ECA420B1A57B503002B98ED</key>
		<dict>
			<key>fileRef</key>
			<string>4ECA420A1A57B503002B98ED</string>
			<key>isa</key>
			<string>PBXBuildFile</string>
		</dict>
		<key>4ECA420C1A57B7E1002B98ED</key>
		<dict>
			<key>children</key>
			<array>
				<string>4ECA420D1A57B7E9002B98ED</string>
			</array>
			<key>isa</key>
			<string>PBXGroup</string>
			<key>name</key>
			<string>Resources</string>
			<key>sourceTree</key>
			<string>&lt;group&gt;</string>
		</dict>
		<key>4ECA420D1A57B7E9002B98ED</key>
		<dict>
			<key>children</key>
			<array>
				<string>4ECA420E1A57B7F6002B98ED</string>
				<string>4ECA42121A57DE62002B98ED</string>
			</array>
			<key>isa</key>
			<string>PBXGroup</string>
			<key>name</key>
			<string>Fonts</string>
			<key>sourceTree</key>
			<string>&lt;group&gt;</string>
		</dict>
		<key>4ECA420E1A57B7F6002B98ED</key>
		<dict>
			<key>isa</key>
			<string>PBXFileReference</string>
			<key>lastKnownFileType</key>
			<string>file</string>
			<key>name</key>
			<string>FiraSans-Regular.otf</string>
			<key>path</key>
			<string>Resources/FiraSans-Regular.otf</string>
			<key>sourceTree</key>
			<string>&lt;group&gt;</string>
		</dict>
		<key>4ECA420F1A57B7F6002B98ED</key>
		<dict>
			<key>fileRef</key>
			<string>4ECA420E1A57B7F6002B98ED</string>
			<key>isa</key>
			<string>PBXBuildFile</string>
		</dict>
		<key>4ECA42101A57C2A1002B98ED</key>
		<dict>
			<key>fileEncoding</key>
			<string>4</string>
			<key>isa</key>
			<string>PBXFileReference</string>
			<key>lastKnownFileType</key>
			<string>sourcecode.swift</string>
			<key>path</key>
			<string>Extensions.swift</string>
			<key>sourceTree</key>
			<string>&lt;group&gt;</string>
		</dict>
		<key>4ECA42111A57C2A1002B98ED</key>
		<dict>
			<key>fileRef</key>
			<string>4ECA42101A57C2A1002B98ED</string>
			<key>isa</key>
			<string>PBXBuildFile</string>
		</dict>
		<key>4ECA42121A57DE62002B98ED</key>
		<dict>
			<key>isa</key>
			<string>PBXFileReference</string>
			<key>lastKnownFileType</key>
			<string>file</string>
			<key>name</key>
			<string>FiraSans-Light.otf</string>
			<key>path</key>
			<string>Resources/FiraSans-Light.otf</string>
			<key>sourceTree</key>
			<string>&lt;group&gt;</string>
		</dict>
		<key>4ECA42131A57DE62002B98ED</key>
		<dict>
			<key>fileRef</key>
			<string>4ECA42121A57DE62002B98ED</string>
			<key>isa</key>
			<string>PBXBuildFile</string>
		</dict>
		<key>4ECA42141A5BD962002B98ED</key>
		<dict>
			<key>isa</key>
			<string>PBXFileReference</string>
			<key>lastKnownFileType</key>
			<string>sourcecode.c.h</string>
			<key>path</key>
			<string>Slang-Bridging-Header.h</string>
			<key>sourceTree</key>
			<string>&lt;group&gt;</string>
		</dict>
		<key>4EFB9EB41A819CAE0074C618</key>
		<dict>
			<key>fileRef</key>
			<string>4ECA420A1A57B503002B98ED</string>
			<key>isa</key>
			<string>PBXBuildFile</string>
		</dict>
		<key>4EFB9EB51A819D4E0074C618</key>
		<dict>
			<key>fileRef</key>
			<string>4ECA42081A57152D002B98ED</string>
			<key>isa</key>
			<string>PBXBuildFile</string>
		</dict>
		<key>4EFB9EB61A819D550074C618</key>
		<dict>
			<key>fileRef</key>
			<string>4E93B72F1A56FC5000407EE6</string>
			<key>isa</key>
			<string>PBXBuildFile</string>
		</dict>
		<key>4EFB9EB71A819D550074C618</key>
		<dict>
			<key>fileRef</key>
			<string>4E76FD761A631A10009722A0</string>
			<key>isa</key>
			<string>PBXBuildFile</string>
		</dict>
		<key>4EFB9EB81A819D550074C618</key>
		<dict>
			<key>fileRef</key>
			<string>4E76FD781A63220A009722A0</string>
			<key>isa</key>
			<string>PBXBuildFile</string>
		</dict>
		<key>4EFB9EB91A819D550074C618</key>
		<dict>
			<key>fileRef</key>
			<string>4E76FD7A1A6353E5009722A0</string>
			<key>isa</key>
			<string>PBXBuildFile</string>
		</dict>
		<key>4EFB9EBA1A819D550074C618</key>
		<dict>
			<key>fileRef</key>
			<string>4E76FD7E1A640DB7009722A0</string>
			<key>isa</key>
			<string>PBXBuildFile</string>
		</dict>
		<key>4EFB9EBB1A819D550074C618</key>
		<dict>
			<key>fileRef</key>
			<string>4E76FD7C1A640D9C009722A0</string>
			<key>isa</key>
			<string>PBXBuildFile</string>
		</dict>
		<key>4EFB9EBC1A819D580074C618</key>
		<dict>
			<key>fileRef</key>
			<string>4ECA42101A57C2A1002B98ED</string>
			<key>isa</key>
			<string>PBXBuildFile</string>
		</dict>
		<key>4EFB9EBD1A819D5A0074C618</key>
		<dict>
			<key>fileRef</key>
			<string>4E93B72C1A56FB3800407EE6</string>
			<key>isa</key>
			<string>PBXBuildFile</string>
		</dict>
		<key>4EFB9EBE1A819D5C0074C618</key>
		<dict>
			<key>fileRef</key>
			<string>4E93B72A1A56FA2800407EE6</string>
			<key>isa</key>
			<string>PBXBuildFile</string>
		</dict>
		<key>53B6DCCFDFE006186C51ECF2</key>
		<dict>
			<key>buildActionMask</key>
			<string>2147483647</string>
			<key>files</key>
			<array/>
			<key>inputPaths</key>
			<array/>
			<key>isa</key>
			<string>PBXShellScriptBuildPhase</string>
			<key>name</key>
			<string>Copy Pods Resources</string>
			<key>outputPaths</key>
			<array/>
			<key>runOnlyForDeploymentPostprocessing</key>
			<string>0</string>
			<key>shellPath</key>
			<string>/bin/sh</string>
			<key>shellScript</key>
			<string>"${SRCROOT}/Pods/Target Support Files/Pods-SlangTests/Pods-SlangTests-resources.sh"
</string>
			<key>showEnvVarsInLog</key>
			<string>0</string>
		</dict>
		<key>556DA372A181B7A9EB7D92F8</key>
		<dict>
			<key>explicitFileType</key>
			<string>wrapper.framework</string>
			<key>includeInIndex</key>
			<string>0</string>
			<key>isa</key>
			<string>PBXFileReference</string>
			<key>path</key>
			<string>Pods_SlangTests.framework</string>
			<key>sourceTree</key>
			<string>BUILT_PRODUCTS_DIR</string>
		</dict>
		<key>6EC1BD4AF55DFB4F6015F5EE</key>
		<dict>
			<key>explicitFileType</key>
			<string>wrapper.framework</string>
			<key>includeInIndex</key>
			<string>0</string>
			<key>isa</key>
			<string>PBXFileReference</string>
			<key>path</key>
			<string>Pods_Slang.framework</string>
			<key>sourceTree</key>
			<string>BUILT_PRODUCTS_DIR</string>
		</dict>
		<key>7E85F7434F21A079B74B985C</key>
		<dict>
			<key>includeInIndex</key>
			<string>1</string>
			<key>isa</key>
			<string>PBXFileReference</string>
			<key>lastKnownFileType</key>
			<string>text.xcconfig</string>
			<key>name</key>
			<string>Pods-Slang.debug.xcconfig</string>
			<key>path</key>
			<string>Pods/Target Support Files/Pods-Slang/Pods-Slang.debug.xcconfig</string>
			<key>sourceTree</key>
			<string>&lt;group&gt;</string>
		</dict>
		<key>94C19EF20892CF7AC1F7CB3F</key>
		<dict>
			<key>fileRef</key>
			<string>6EC1BD4AF55DFB4F6015F5EE</string>
			<key>isa</key>
			<string>PBXBuildFile</string>
			<key>settings</key>
			<dict>
				<key>ATTRIBUTES</key>
				<array>
					<string>Weak</string>
				</array>
			</dict>
		</dict>
		<key>96447DE6C45F2AF8094F3A6B</key>
		<dict>
			<key>isa</key>
			<string>PBXBuildFile</string>
		</dict>
		<key>9A4D3E50B69104874F5C8E84</key>
		<dict>
			<key>isa</key>
			<string>PBXBuildFile</string>
			<key>settings</key>
			<dict>
				<key>ATTRIBUTES</key>
				<array>
					<string>Weak</string>
				</array>
			</dict>
		</dict>
		<key>9F988080F4DCA7FD9E2AB18D</key>
		<dict>
			<key>fileRef</key>
			<string>556DA372A181B7A9EB7D92F8</string>
			<key>isa</key>
			<string>PBXBuildFile</string>
			<key>settings</key>
			<dict>
				<key>ATTRIBUTES</key>
				<array>
					<string>Weak</string>
				</array>
			</dict>
		</dict>
		<key>A5D11A5E3BC5CBA502362DB0</key>
		<dict>
			<key>includeInIndex</key>
			<string>1</string>
			<key>isa</key>
			<string>PBXFileReference</string>
			<key>lastKnownFileType</key>
			<string>text.xcconfig</string>
			<key>name</key>
			<string>Pods.debug.xcconfig</string>
			<key>path</key>
			<string>Pods/Target Support Files/Pods/Pods.debug.xcconfig</string>
			<key>sourceTree</key>
			<string>&lt;group&gt;</string>
		</dict>
		<key>A667F45B67C30584F7CDA79A</key>
		<dict>
			<key>includeInIndex</key>
			<string>1</string>
			<key>isa</key>
			<string>PBXFileReference</string>
			<key>lastKnownFileType</key>
			<string>text.xcconfig</string>
			<key>name</key>
			<string>Pods-SlangTests.release.xcconfig</string>
			<key>path</key>
			<string>Pods/Target Support Files/Pods-SlangTests/Pods-SlangTests.release.xcconfig</string>
			<key>sourceTree</key>
			<string>&lt;group&gt;</string>
		</dict>
		<key>BA37CA11484F902ED497EF6F</key>
		<dict>
			<key>explicitFileType</key>
			<string>archive.ar</string>
			<key>includeInIndex</key>
			<string>0</string>
			<key>isa</key>
			<string>PBXFileReference</string>
			<key>path</key>
			<string>libPods.a</string>
			<key>sourceTree</key>
			<string>BUILT_PRODUCTS_DIR</string>
		</dict>
		<key>CEC659C248D2A8A2AC48DBEA</key>
		<dict>
			<key>includeInIndex</key>
			<string>1</string>
			<key>isa</key>
			<string>PBXFileReference</string>
			<key>lastKnownFileType</key>
			<string>text.xcconfig</string>
			<key>name</key>
			<string>Pods.release.xcconfig</string>
			<key>path</key>
			<string>Pods/Target Support Files/Pods/Pods.release.xcconfig</string>
			<key>sourceTree</key>
			<string>&lt;group&gt;</string>
		</dict>
		<key>DD8C7D9C4574E041B86C95A0</key>
		<dict>
			<key>isa</key>
			<string>PBXBuildFile</string>
			<key>settings</key>
			<dict>
				<key>ATTRIBUTES</key>
				<array>
					<string>Weak</string>
				</array>
			</dict>
		</dict>
		<key>DEC588EC080B5BB02D4653EE</key>
		<dict>
			<key>includeInIndex</key>
			<string>1</string>
			<key>isa</key>
			<string>PBXFileReference</string>
			<key>lastKnownFileType</key>
			<string>text.xcconfig</string>
			<key>name</key>
			<string>Pods-Slang.release.xcconfig</string>
			<key>path</key>
			<string>Pods/Target Support Files/Pods-Slang/Pods-Slang.release.xcconfig</string>
			<key>sourceTree</key>
			<string>&lt;group&gt;</string>
		</dict>
		<key>F2E34DE56D5C24A9330BCF33</key>
		<dict>
			<key>includeInIndex</key>
			<string>1</string>
			<key>isa</key>
			<string>PBXFileReference</string>
			<key>lastKnownFileType</key>
			<string>text.xcconfig</string>
			<key>name</key>
			<string>Pods-SlangTests.debug.xcconfig</string>
			<key>path</key>
			<string>Pods/Target Support Files/Pods-SlangTests/Pods-SlangTests.debug.xcconfig</string>
			<key>sourceTree</key>
			<string>&lt;group&gt;</string>
		</dict>
	</dict>
	<key>rootObject</key>
	<string>4E93B6FE1A56DD0400407EE6</string>
</dict>
</plist>
