// !$*UTF8*$!
{
	archiveVersion = 1;
	classes = {
	};
	objectVersion = 46;
	objects = {

/* Begin PBXBuildFile section */
		4E93B70C1A56DD0400407EE6 /* AppDelegate.swift in Sources */ = {isa = PBXBuildFile; fileRef = 4E93B70B1A56DD0400407EE6 /* AppDelegate.swift */; };
		4E93B70E1A56DD0400407EE6 /* Images.xcassets in Resources */ = {isa = PBXBuildFile; fileRef = 4E93B70D1A56DD0400407EE6 /* Images.xcassets */; };
		4E93B7111A56DD0400407EE6 /* LaunchScreen.xib in Resources */ = {isa = PBXBuildFile; fileRef = 4E93B70F1A56DD0400407EE6 /* LaunchScreen.xib */; };
		4E93B71D1A56DD0400407EE6 /* SlangTests.swift in Sources */ = {isa = PBXBuildFile; fileRef = 4E93B71C1A56DD0400407EE6 /* SlangTests.swift */; };
/* End PBXBuildFile section */

/* Begin PBXContainerItemProxy section */
		4E93B7171A56DD0400407EE6 /* PBXContainerItemProxy */ = {
			isa = PBXContainerItemProxy;
			containerPortal = 4E93B6FE1A56DD0400407EE6 /* Project object */;
			proxyType = 1;
			remoteGlobalIDString = 4E93B7051A56DD0400407EE6;
			remoteInfo = Slang;
		};
/* End PBXContainerItemProxy section */

/* Begin PBXFileReference section */
		4E93B7061A56DD0400407EE6 /* Slang.app */ = {isa = PBXFileReference; explicitFileType = wrapper.application; includeInIndex = 0; path = Slang.app; sourceTree = BUILT_PRODUCTS_DIR; };
		4E93B70A1A56DD0400407EE6 /* Info.plist */ = {isa = PBXFileReference; lastKnownFileType = text.plist.xml; path = Info.plist; sourceTree = "<group>"; };
		4E93B70B1A56DD0400407EE6 /* AppDelegate.swift */ = {isa = PBXFileReference; lastKnownFileType = sourcecode.swift; path = AppDelegate.swift; sourceTree = "<group>"; };
		4E93B70D1A56DD0400407EE6 /* Images.xcassets */ = {isa = PBXFileReference; lastKnownFileType = folder.assetcatalog; path = Images.xcassets; sourceTree = "<group>"; };
		4E93B7101A56DD0400407EE6 /* Base */ = {isa = PBXFileReference; lastKnownFileType = file.xib; name = Base; path = Base.lproj/LaunchScreen.xib; sourceTree = "<group>"; };
		4E93B7161A56DD0400407EE6 /* SlangTests.xctest */ = {isa = PBXFileReference; explicitFileType = wrapper.cfbundle; includeInIndex = 0; path = SlangTests.xctest; sourceTree = BUILT_PRODUCTS_DIR; };
		4E93B71B1A56DD0400407EE6 /* Info.plist */ = {isa = PBXFileReference; lastKnownFileType = text.plist.xml; path = Info.plist; sourceTree = "<group>"; };
		4E93B71C1A56DD0400407EE6 /* SlangTests.swift */ = {isa = PBXFileReference; lastKnownFileType = sourcecode.swift; path = SlangTests.swift; sourceTree = "<group>"; };
/* End PBXFileReference section */

/* Begin PBXFrameworksBuildPhase section */
		4E93B7031A56DD0400407EE6 /* Frameworks */ = {
			isa = PBXFrameworksBuildPhase;
			buildActionMask = 2147483647;
			files = (
			);
			runOnlyForDeploymentPostprocessing = 0;
		};
		4E93B7131A56DD0400407EE6 /* Frameworks */ = {
			isa = PBXFrameworksBuildPhase;
			buildActionMask = 2147483647;
			files = (
			);
			runOnlyForDeploymentPostprocessing = 0;
		};
/* End PBXFrameworksBuildPhase section */

/* Begin PBXGroup section */
		4E93B6FD1A56DD0400407EE6 = {
			isa = PBXGroup;
			children = (
				4E93B7081A56DD0400407EE6 /* Slang */,
				4E93B7191A56DD0400407EE6 /* SlangTests */,
				4E93B7071A56DD0400407EE6 /* Products */,
			);
			sourceTree = "<group>";
		};
		4E93B7071A56DD0400407EE6 /* Products */ = {
			isa = PBXGroup;
			children = (
				4E93B7061A56DD0400407EE6 /* Slang.app */,
				4E93B7161A56DD0400407EE6 /* SlangTests.xctest */,
			);
			name = Products;
			sourceTree = "<group>";
		};
		4E93B7081A56DD0400407EE6 /* Slang */ = {
			isa = PBXGroup;
			children = (
				4E93B70B1A56DD0400407EE6 /* AppDelegate.swift */,
				4E93B70D1A56DD0400407EE6 /* Images.xcassets */,
				4E93B70F1A56DD0400407EE6 /* LaunchScreen.xib */,
				4E93B7091A56DD0400407EE6 /* Supporting Files */,
			);
			path = Slang;
			sourceTree = "<group>";
		};
		4E93B7091A56DD0400407EE6 /* Supporting Files */ = {
			isa = PBXGroup;
			children = (
				4E93B70A1A56DD0400407EE6 /* Info.plist */,
			);
			name = "Supporting Files";
			sourceTree = "<group>";
		};
		4E93B7191A56DD0400407EE6 /* SlangTests */ = {
			isa = PBXGroup;
			children = (
				4E93B71C1A56DD0400407EE6 /* SlangTests.swift */,
				4E93B71A1A56DD0400407EE6 /* Supporting Files */,
			);
			path = SlangTests;
			sourceTree = "<group>";
		};
		4E93B71A1A56DD0400407EE6 /* Supporting Files */ = {
			isa = PBXGroup;
			children = (
				4E93B71B1A56DD0400407EE6 /* Info.plist */,
			);
			name = "Supporting Files";
			sourceTree = "<group>";
		};
/* End PBXGroup section */

/* Begin PBXNativeTarget section */
		4E93B7051A56DD0400407EE6 /* Slang */ = {
			isa = PBXNativeTarget;
			buildConfigurationList = 4E93B7201A56DD0400407EE6 /* Build configuration list for PBXNativeTarget "Slang" */;
			buildPhases = (
				4E93B7021A56DD0400407EE6 /* Sources */,
				4E93B7031A56DD0400407EE6 /* Frameworks */,
				4E93B7041A56DD0400407EE6 /* Resources */,
			);
			buildRules = (
			);
			dependencies = (
			);
			name = Slang;
			productName = Slang;
			productReference = 4E93B7061A56DD0400407EE6 /* Slang.app */;
			productType = "com.apple.product-type.application";
		};
		4E93B7151A56DD0400407EE6 /* SlangTests */ = {
			isa = PBXNativeTarget;
			buildConfigurationList = 4E93B7231A56DD0400407EE6 /* Build configuration list for PBXNativeTarget "SlangTests" */;
			buildPhases = (
				4E93B7121A56DD0400407EE6 /* Sources */,
				4E93B7131A56DD0400407EE6 /* Frameworks */,
				4E93B7141A56DD0400407EE6 /* Resources */,
			);
			buildRules = (
			);
			dependencies = (
				4E93B7181A56DD0400407EE6 /* PBXTargetDependency */,
			);
			name = SlangTests;
			productName = SlangTests;
			productReference = 4E93B7161A56DD0400407EE6 /* SlangTests.xctest */;
			productType = "com.apple.product-type.bundle.unit-test";
		};
/* End PBXNativeTarget section */

/* Begin PBXProject section */
		4E93B6FE1A56DD0400407EE6 /* Project object */ = {
			isa = PBXProject;
			attributes = {
				LastUpgradeCheck = 0610;
				ORGANIZATIONNAME = "Tosin Afolabi";
				TargetAttributes = {
					4E93B7051A56DD0400407EE6 = {
						CreatedOnToolsVersion = 6.1.1;
					};
					4E93B7151A56DD0400407EE6 = {
						CreatedOnToolsVersion = 6.1.1;
						TestTargetID = 4E93B7051A56DD0400407EE6;
					};
				};
			};
			buildConfigurationList = 4E93B7011A56DD0400407EE6 /* Build configuration list for PBXProject "Slang" */;
			compatibilityVersion = "Xcode 3.2";
			developmentRegion = English;
			hasScannedForEncodings = 0;
			knownRegions = (
				en,
				Base,
			);
			mainGroup = 4E93B6FD1A56DD0400407EE6;
			productRefGroup = 4E93B7071A56DD0400407EE6 /* Products */;
			projectDirPath = "";
			projectRoot = "";
			targets = (
				4E93B7051A56DD0400407EE6 /* Slang */,
				4E93B7151A56DD0400407EE6 /* SlangTests */,
			);
		};
/* End PBXProject section */

/* Begin PBXResourcesBuildPhase section */
		4E93B7041A56DD0400407EE6 /* Resources */ = {
			isa = PBXResourcesBuildPhase;
			buildActionMask = 2147483647;
			files = (
				4E93B7111A56DD0400407EE6 /* LaunchScreen.xib in Resources */,
				4E93B70E1A56DD0400407EE6 /* Images.xcassets in Resources */,
			);
			runOnlyForDeploymentPostprocessing = 0;
		};
		4E93B7141A56DD0400407EE6 /* Resources */ = {
			isa = PBXResourcesBuildPhase;
			buildActionMask = 2147483647;
			files = (
			);
			runOnlyForDeploymentPostprocessing = 0;
		};
/* End PBXResourcesBuildPhase section */

/* Begin PBXSourcesBuildPhase section */
		4E93B7021A56DD0400407EE6 /* Sources */ = {
			isa = PBXSourcesBuildPhase;
			buildActionMask = 2147483647;
			files = (
				4E93B70C1A56DD0400407EE6 /* AppDelegate.swift in Sources */,
			);
			runOnlyForDeploymentPostprocessing = 0;
		};
		4E93B7121A56DD0400407EE6 /* Sources */ = {
			isa = PBXSourcesBuildPhase;
			buildActionMask = 2147483647;
			files = (
				4E93B71D1A56DD0400407EE6 /* SlangTests.swift in Sources */,
			);
			runOnlyForDeploymentPostprocessing = 0;
		};
/* End PBXSourcesBuildPhase section */

/* Begin PBXTargetDependency section */
		4E93B7181A56DD0400407EE6 /* PBXTargetDependency */ = {
			isa = PBXTargetDependency;
			target = 4E93B7051A56DD0400407EE6 /* Slang */;
			targetProxy = 4E93B7171A56DD0400407EE6 /* PBXContainerItemProxy */;
		};
/* End PBXTargetDependency section */

/* Begin PBXVariantGroup section */
		4E93B70F1A56DD0400407EE6 /* LaunchScreen.xib */ = {
			isa = PBXVariantGroup;
			children = (
				4E93B7101A56DD0400407EE6 /* Base */,
			);
			name = LaunchScreen.xib;
			sourceTree = "<group>";
		};
/* End PBXVariantGroup section */

/* Begin XCBuildConfiguration section */
		4E93B71E1A56DD0400407EE6 /* Debug */ = {
			isa = XCBuildConfiguration;
			buildSettings = {
				ALWAYS_SEARCH_USER_PATHS = NO;
				CLANG_CXX_LANGUAGE_STANDARD = "gnu++0x";
				CLANG_CXX_LIBRARY = "libc++";
				CLANG_ENABLE_MODULES = YES;
				CLANG_ENABLE_OBJC_ARC = YES;
				CLANG_WARN_BOOL_CONVERSION = YES;
				CLANG_WARN_CONSTANT_CONVERSION = YES;
				CLANG_WARN_DIRECT_OBJC_ISA_USAGE = YES_ERROR;
				CLANG_WARN_EMPTY_BODY = YES;
				CLANG_WARN_ENUM_CONVERSION = YES;
				CLANG_WARN_INT_CONVERSION = YES;
				CLANG_WARN_OBJC_ROOT_CLASS = YES_ERROR;
				CLANG_WARN_UNREACHABLE_CODE = YES;
				CLANG_WARN__DUPLICATE_METHOD_MATCH = YES;
				"CODE_SIGN_IDENTITY[sdk=iphoneos*]" = "iPhone Developer";
				COPY_PHASE_STRIP = NO;
				ENABLE_STRICT_OBJC_MSGSEND = YES;
				GCC_C_LANGUAGE_STANDARD = gnu99;
				GCC_DYNAMIC_NO_PIC = NO;
				GCC_OPTIMIZATION_LEVEL = 0;
				GCC_PREPROCESSOR_DEFINITIONS = (
					"DEBUG=1",
					"$(inherited)",
				);
				GCC_SYMBOLS_PRIVATE_EXTERN = NO;
				GCC_WARN_64_TO_32_BIT_CONVERSION = YES;
				GCC_WARN_ABOUT_RETURN_TYPE = YES_ERROR;
				GCC_WARN_UNDECLARED_SELECTOR = YES;
				GCC_WARN_UNINITIALIZED_AUTOS = YES_AGGRESSIVE;
				GCC_WARN_UNUSED_FUNCTION = YES;
				GCC_WARN_UNUSED_VARIABLE = YES;
				IPHONEOS_DEPLOYMENT_TARGET = 8.1;
				MTL_ENABLE_DEBUG_INFO = YES;
				ONLY_ACTIVE_ARCH = YES;
				SDKROOT = iphoneos;
				SWIFT_OPTIMIZATION_LEVEL = "-Onone";
			};
			name = Debug;
		};
		4E93B71F1A56DD0400407EE6 /* Release */ = {
			isa = XCBuildConfiguration;
			buildSettings = {
				ALWAYS_SEARCH_USER_PATHS = NO;
				CLANG_CXX_LANGUAGE_STANDARD = "gnu++0x";
				CLANG_CXX_LIBRARY = "libc++";
				CLANG_ENABLE_MODULES = YES;
				CLANG_ENABLE_OBJC_ARC = YES;
				CLANG_WARN_BOOL_CONVERSION = YES;
				CLANG_WARN_CONSTANT_CONVERSION = YES;
				CLANG_WARN_DIRECT_OBJC_ISA_USAGE = YES_ERROR;
				CLANG_WARN_EMPTY_BODY = YES;
				CLANG_WARN_ENUM_CONVERSION = YES;
				CLANG_WARN_INT_CONVERSION = YES;
				CLANG_WARN_OBJC_ROOT_CLASS = YES_ERROR;
				CLANG_WARN_UNREACHABLE_CODE = YES;
				CLANG_WARN__DUPLICATE_METHOD_MATCH = YES;
				"CODE_SIGN_IDENTITY[sdk=iphoneos*]" = "iPhone Developer";
				COPY_PHASE_STRIP = YES;
				ENABLE_NS_ASSERTIONS = NO;
				ENABLE_STRICT_OBJC_MSGSEND = YES;
				GCC_C_LANGUAGE_STANDARD = gnu99;
				GCC_WARN_64_TO_32_BIT_CONVERSION = YES;
				GCC_WARN_ABOUT_RETURN_TYPE = YES_ERROR;
				GCC_WARN_UNDECLARED_SELECTOR = YES;
				GCC_WARN_UNINITIALIZED_AUTOS = YES_AGGRESSIVE;
				GCC_WARN_UNUSED_FUNCTION = YES;
				GCC_WARN_UNUSED_VARIABLE = YES;
				IPHONEOS_DEPLOYMENT_TARGET = 8.1;
				MTL_ENABLE_DEBUG_INFO = NO;
				SDKROOT = iphoneos;
				VALIDATE_PRODUCT = YES;
			};
			name = Release;
		};
		4E93B7211A56DD0400407EE6 /* Debug */ = {
			isa = XCBuildConfiguration;
			buildSettings = {
				ASSETCATALOG_COMPILER_APPICON_NAME = AppIcon;
				INFOPLIST_FILE = Slang/Info.plist;
				LD_RUNPATH_SEARCH_PATHS = "$(inherited) @executable_path/Frameworks";
				PRODUCT_NAME = "$(TARGET_NAME)";
			};
			name = Debug;
		};
		4E93B7221A56DD0400407EE6 /* Release */ = {
			isa = XCBuildConfiguration;
			buildSettings = {
				ASSETCATALOG_COMPILER_APPICON_NAME = AppIcon;
				INFOPLIST_FILE = Slang/Info.plist;
				LD_RUNPATH_SEARCH_PATHS = "$(inherited) @executable_path/Frameworks";
				PRODUCT_NAME = "$(TARGET_NAME)";
			};
			name = Release;
		};
		4E93B7241A56DD0400407EE6 /* Debug */ = {
			isa = XCBuildConfiguration;
			buildSettings = {
				BUNDLE_LOADER = "$(TEST_HOST)";
				FRAMEWORK_SEARCH_PATHS = (
					"$(SDKROOT)/Developer/Library/Frameworks",
					"$(inherited)",
				);
				GCC_PREPROCESSOR_DEFINITIONS = (
					"DEBUG=1",
					"$(inherited)",
				);
				INFOPLIST_FILE = SlangTests/Info.plist;
				LD_RUNPATH_SEARCH_PATHS = "$(inherited) @executable_path/Frameworks @loader_path/Frameworks";
				PRODUCT_NAME = "$(TARGET_NAME)";
				TEST_HOST = "$(BUILT_PRODUCTS_DIR)/Slang.app/Slang";
			};
			name = Debug;
		};
		4E93B7251A56DD0400407EE6 /* Release */ = {
			isa = XCBuildConfiguration;
			buildSettings = {
				BUNDLE_LOADER = "$(TEST_HOST)";
				FRAMEWORK_SEARCH_PATHS = (
					"$(SDKROOT)/Developer/Library/Frameworks",
					"$(inherited)",
				);
				INFOPLIST_FILE = SlangTests/Info.plist;
				LD_RUNPATH_SEARCH_PATHS = "$(inherited) @executable_path/Frameworks @loader_path/Frameworks";
				PRODUCT_NAME = "$(TARGET_NAME)";
				TEST_HOST = "$(BUILT_PRODUCTS_DIR)/Slang.app/Slang";
			};
			name = Release;
		};
/* End XCBuildConfiguration section */

/* Begin XCConfigurationList section */
		4E93B7011A56DD0400407EE6 /* Build configuration list for PBXProject "Slang" */ = {
			isa = XCConfigurationList;
			buildConfigurations = (
				4E93B71E1A56DD0400407EE6 /* Debug */,
				4E93B71F1A56DD0400407EE6 /* Release */,
			);
			defaultConfigurationIsVisible = 0;
			defaultConfigurationName = Release;
		};
		4E93B7201A56DD0400407EE6 /* Build configuration list for PBXNativeTarget "Slang" */ = {
			isa = XCConfigurationList;
			buildConfigurations = (
				4E93B7211A56DD0400407EE6 /* Debug */,
				4E93B7221A56DD0400407EE6 /* Release */,
			);
			defaultConfigurationIsVisible = 0;
		};
		4E93B7231A56DD0400407EE6 /* Build configuration list for PBXNativeTarget "SlangTests" */ = {
			isa = XCConfigurationList;
			buildConfigurations = (
				4E93B7241A56DD0400407EE6 /* Debug */,
				4E93B7251A56DD0400407EE6 /* Release */,
			);
			defaultConfigurationIsVisible = 0;
		};
/* End XCConfigurationList section */
	};
	rootObject = 4E93B6FE1A56DD0400407EE6 /* Project object */;
}
